// !$*UTF8*$!
{
	archiveVersion = 1;
	classes = {
	};
	objectVersion = 77;
	objects = {

/* Begin PBXBuildFile section */
		01F6B3950B372786480C9AA7 /* RanchVADEVQuery.swift in Sources */ = {isa = PBXBuildFile; fileRef = 402E268F0E0033791191C654 /* RanchVADEVQuery.swift */; };
		02A7DE82849C359EA47671C6 /* RanchVAAssetGraphTests.swift in Sources */ = {isa = PBXBuildFile; fileRef = 59F729E99881C1B5C531D476 /* RanchVAAssetGraphTests.swift */; };
		0B6CAAC6A5D932783108710F /* RanchOSLivestockStore.swift in Sources */ = {isa = PBXBuildFile; fileRef = 5DF5F2E1A92B231CAA8FBBFC /* RanchOSLivestockStore.swift */; };
		0D22BF4C101CB25EB8168CB3 /* RanchOSLivestockConnection.swift in Sources */ = {isa = PBXBuildFile; fileRef = 2B6B6B00F723CBC55517FDAF /* RanchOSLivestockConnection.swift */; };
		0E61120FCE9229A9A00BD0D1 /* RanchOSTVHomeView.swift in Sources */ = {isa = PBXBuildFile; fileRef = 1B9EC6A622C755733752879E /* RanchOSTVHomeView.swift */; };
		1189FA0524BABAB2504106B9 /* RanchOSTV-Info.plist in Resources */ = {isa = PBXBuildFile; fileRef = 4E1EAD2BBD7236536AED4D8E /* RanchOSTV-Info.plist */; };
		232C0D73D888423130882D6B /* RanchOSHubModel.swift in Sources */ = {isa = PBXBuildFile; fileRef = FA4B50CCAC6463D5838CB2C2 /* RanchOSHubModel.swift */; };
		25F4EFA6FC89E4F75C526334 /* RanchVAWorkspace.swift in Sources */ = {isa = PBXBuildFile; fileRef = E195EE535962477DB2A48E5C /* RanchVAWorkspace.swift */; };
		26F886BA855795AA9A236346 /* RanchVAWeatherTests.swift in Sources */ = {isa = PBXBuildFile; fileRef = 25F96BB70E3F765675708CAA /* RanchVAWeatherTests.swift */; };
		2F5C0B89EE1128E13A14F7A4 /* RanchOSLivestockStore.swift in Sources */ = {isa = PBXBuildFile; fileRef = 5DF5F2E1A92B231CAA8FBBFC /* RanchOSLivestockStore.swift */; };
		2F77DC137208C1748A31D250 /* RanchOSMac-Info.plist in Resources */ = {isa = PBXBuildFile; fileRef = C84C41D7E31B417C8395EF48 /* RanchOSMac-Info.plist */; };
		37B2FB76EC4C2819D2969DBA /* RanchOSHomeView.swift in Sources */ = {isa = PBXBuildFile; fileRef = 72B4D5FC76FFFCDAB2D39D7E /* RanchOSHomeView.swift */; };
		3C4264FFF4E111C2A08BECB1 /* VoiceInput.swift in Sources */ = {isa = PBXBuildFile; fileRef = 9DA22C52AEDA33AC00525C7C /* VoiceInput.swift */; };
		3D80157B70E6A494C814A364 /* RanchOSPropertyLiveStore.swift in Sources */ = {isa = PBXBuildFile; fileRef = DDDEBB618C5264B8A47AE065 /* RanchOSPropertyLiveStore.swift */; };
		40E5BD06B75A2A253538DD0F /* RanchVAAssetGraph.swift in Sources */ = {isa = PBXBuildFile; fileRef = 9B4314CD7041D120B94607E2 /* RanchVAAssetGraph.swift */; };
		4517BC1A8B3F5E820108D602 /* RanchVAWeather.swift in Sources */ = {isa = PBXBuildFile; fileRef = 7D559F660DC862C2FC22205E /* RanchVAWeather.swift */; };
		470C65898CA093AE5DA8A254 /* RanchOSApp.swift in Sources */ = {isa = PBXBuildFile; fileRef = 6A04C22D1EE199C860E5C42C /* RanchOSApp.swift */; };
		4A6B37C5F34BFD9BE7611950 /* Assets.xcassets in Resources */ = {isa = PBXBuildFile; fileRef = 613AA46701E775DD8BDC30A4 /* Assets.xcassets */; };
		4A7D7CE86375E700D37526D6 /* RanchOSPropertyLiveStore.swift in Sources */ = {isa = PBXBuildFile; fileRef = DDDEBB618C5264B8A47AE065 /* RanchOSPropertyLiveStore.swift */; };
		4A9BC96C4B7D38B9E67B349B /* RanchOSLivestockStore.swift in Sources */ = {isa = PBXBuildFile; fileRef = 5DF5F2E1A92B231CAA8FBBFC /* RanchOSLivestockStore.swift */; };
		4B54B580B6F189F70F61473E /* RanchOSLivestockConnection.swift in Sources */ = {isa = PBXBuildFile; fileRef = 2B6B6B00F723CBC55517FDAF /* RanchOSLivestockConnection.swift */; };
		4C48FB828E29D734168B2364 /* FixtureDetailBrowser.swift in Sources */ = {isa = PBXBuildFile; fileRef = CAF02F5C00C3DF293BD58C32 /* FixtureDetailBrowser.swift */; };
		5029F0FA723EED3FBF4A36D6 /* RanchVAAssetGraph.swift in Sources */ = {isa = PBXBuildFile; fileRef = 9B4314CD7041D120B94607E2 /* RanchVAAssetGraph.swift */; };
		517EC06CF4DBA324AB942CA4 /* Assets.xcassets in Resources */ = {isa = PBXBuildFile; fileRef = 613AA46701E775DD8BDC30A4 /* Assets.xcassets */; };
		53B5820CF13D08C27E6866BC /* RanchOSHubModel.swift in Sources */ = {isa = PBXBuildFile; fileRef = FA4B50CCAC6463D5838CB2C2 /* RanchOSHubModel.swift */; };
		5460FE0E2A06EA4677A3A66E /* RanchVAWeather.swift in Sources */ = {isa = PBXBuildFile; fileRef = 7D559F660DC862C2FC22205E /* RanchVAWeather.swift */; };
		57C20A08EEF094408DC60703 /* RanchVADEVQuery.swift in Sources */ = {isa = PBXBuildFile; fileRef = 402E268F0E0033791191C654 /* RanchVADEVQuery.swift */; };
		58B7E0FDE1127934536490DE /* RanchVADEVQueryTests.swift in Sources */ = {isa = PBXBuildFile; fileRef = E551E91162E7243C1548AA07 /* RanchVADEVQueryTests.swift */; };
		5B11DAE14A7B9B8F4C62C0B6 /* RanchOSApp.swift in Sources */ = {isa = PBXBuildFile; fileRef = 6A04C22D1EE199C860E5C42C /* RanchOSApp.swift */; };
		5DC2F10A00BBDF08BB0884B6 /* RanchOSLivestockConnectionTests.swift in Sources */ = {isa = PBXBuildFile; fileRef = A20B13B702C280E25102FA85 /* RanchOSLivestockConnectionTests.swift */; };
		5E49256CA0A994D9E07CE57E /* RanchOSLivestockBrowserModel.swift in Sources */ = {isa = PBXBuildFile; fileRef = AE1A6843BA52192829BC0BCC /* RanchOSLivestockBrowserModel.swift */; };
		616DD5B346FB9D0476E3086E /* RanchVAAssetGraph.swift in Sources */ = {isa = PBXBuildFile; fileRef = 9B4314CD7041D120B94607E2 /* RanchVAAssetGraph.swift */; };
		618564DE5DE8C8842183C933 /* RanchOSiOS-Info.plist in Resources */ = {isa = PBXBuildFile; fileRef = 5F3BD88B0A8C184C93FEEBDD /* RanchOSiOS-Info.plist */; };
		66CEEE588A1E147372575423 /* LogitechCamera.swift in Sources */ = {isa = PBXBuildFile; fileRef = C46DA45AF23B7B1800BC6768 /* LogitechCamera.swift */; };
		6B18AD7A6F5DDE55325D28E7 /* RanchOSLivestockStore.swift in Sources */ = {isa = PBXBuildFile; fileRef = 5DF5F2E1A92B231CAA8FBBFC /* RanchOSLivestockStore.swift */; };
		6E9CEF09CB648E6D0BCB4A41 /* RanchOSLivestockConnection.swift in Sources */ = {isa = PBXBuildFile; fileRef = 2B6B6B00F723CBC55517FDAF /* RanchOSLivestockConnection.swift */; };
		6EE77312CE3C24F56F03D3F1 /* RanchVADEVQuery.swift in Sources */ = {isa = PBXBuildFile; fileRef = 402E268F0E0033791191C654 /* RanchVADEVQuery.swift */; };
		6FA76541BD209C8FE7602891 /* RanchVAAssetGraph.swift in Sources */ = {isa = PBXBuildFile; fileRef = 9B4314CD7041D120B94607E2 /* RanchVAAssetGraph.swift */; };
		72653610B4D37B03A33090F6 /* VoiceInput.swift in Sources */ = {isa = PBXBuildFile; fileRef = 9DA22C52AEDA33AC00525C7C /* VoiceInput.swift */; };
		73B900C8C3E8840EC43C4DBE /* RanchVADEVWorkspace.swift in Sources */ = {isa = PBXBuildFile; fileRef = 0A800F8592481015682150AE /* RanchVADEVWorkspace.swift */; };
		768EDEF0BC5439F343613E0D /* LogitechCamera.swift in Sources */ = {isa = PBXBuildFile; fileRef = C46DA45AF23B7B1800BC6768 /* LogitechCamera.swift */; };
		76CA03ADA0845A503440D341 /* RanchOSTV-Info.plist in Resources */ = {isa = PBXBuildFile; fileRef = 4E1EAD2BBD7236536AED4D8E /* RanchOSTV-Info.plist */; };
		7ABE342D35D442172B63444C /* RanchOSHomeView.swift in Sources */ = {isa = PBXBuildFile; fileRef = 72B4D5FC76FFFCDAB2D39D7E /* RanchOSHomeView.swift */; };
		7CCE086381714FB3DAD838E9 /* RanchOSLivestockBrowserModel.swift in Sources */ = {isa = PBXBuildFile; fileRef = AE1A6843BA52192829BC0BCC /* RanchOSLivestockBrowserModel.swift */; };
		7D48743D0BA74B36EF949A20 /* RanchVADEVWorkspace.swift in Sources */ = {isa = PBXBuildFile; fileRef = 0A800F8592481015682150AE /* RanchVADEVWorkspace.swift */; };
		7E8E3DCAE7B69E61CFD4A53D /* RanchVAWorkspace.swift in Sources */ = {isa = PBXBuildFile; fileRef = E195EE535962477DB2A48E5C /* RanchVAWorkspace.swift */; };
		850CAA7FC10084CA2D54C502 /* RanchOSLivestockBrowserTests.swift in Sources */ = {isa = PBXBuildFile; fileRef = C94A9740AE1C2B41C8AD8A3B /* RanchOSLivestockBrowserTests.swift */; };
		866EF7430D89934BA0F9B45A /* FixtureDetailBrowser.swift in Sources */ = {isa = PBXBuildFile; fileRef = CAF02F5C00C3DF293BD58C32 /* FixtureDetailBrowser.swift */; };
		87FAB9F233E0F980AAB95595 /* RanchVADEVQuery.swift in Sources */ = {isa = PBXBuildFile; fileRef = 402E268F0E0033791191C654 /* RanchVADEVQuery.swift */; };
		8900E7B2ED14FD58D8E4710A /* FixtureDetailBrowser.swift in Sources */ = {isa = PBXBuildFile; fileRef = CAF02F5C00C3DF293BD58C32 /* FixtureDetailBrowser.swift */; };
		8A7EBE108BF376552C68B654 /* RanchOSHubModel.swift in Sources */ = {isa = PBXBuildFile; fileRef = FA4B50CCAC6463D5838CB2C2 /* RanchOSHubModel.swift */; };
		8AF17A99B07B4D8E547B8E0E /* RanchOSTVHomeView.swift in Sources */ = {isa = PBXBuildFile; fileRef = 1B9EC6A622C755733752879E /* RanchOSTVHomeView.swift */; };
		8F624DC859A59696959F6829 /* RanchOSTVHomeView.swift in Sources */ = {isa = PBXBuildFile; fileRef = 1B9EC6A622C755733752879E /* RanchOSTVHomeView.swift */; };
		90C3BCFA7E0C18A55B992430 /* Assets.xcassets in Resources */ = {isa = PBXBuildFile; fileRef = 613AA46701E775DD8BDC30A4 /* Assets.xcassets */; };
		91936F92A0928385E668024E /* RanchVADEVWorkspace.swift in Sources */ = {isa = PBXBuildFile; fileRef = 0A800F8592481015682150AE /* RanchVADEVWorkspace.swift */; };
		9499C316C9F3C1F528B1B11B /* RanchOSApp.swift in Sources */ = {isa = PBXBuildFile; fileRef = 6A04C22D1EE199C860E5C42C /* RanchOSApp.swift */; };
		9E07C3032BED00091BEAE81B /* LogitechCamera.swift in Sources */ = {isa = PBXBuildFile; fileRef = C46DA45AF23B7B1800BC6768 /* LogitechCamera.swift */; };
		9EBD52CF88B195301F6781CA /* RanchOSLivestockConnection.swift in Sources */ = {isa = PBXBuildFile; fileRef = 2B6B6B00F723CBC55517FDAF /* RanchOSLivestockConnection.swift */; };
		A15D64C9F11BB89AAB079C21 /* RanchOSPropertyLiveStore.swift in Sources */ = {isa = PBXBuildFile; fileRef = DDDEBB618C5264B8A47AE065 /* RanchOSPropertyLiveStore.swift */; };
		A380297C016D2E0E83A77304 /* FixtureSession.swift in Sources */ = {isa = PBXBuildFile; fileRef = 8BCCBAB1AFB59D5343A55BC7 /* FixtureSession.swift */; };
		ABD0006DA9297148C764BC84 /* RanchOSHubModelTests.swift in Sources */ = {isa = PBXBuildFile; fileRef = A9CC0F7474342DE5D818EA6B /* RanchOSHubModelTests.swift */; };
		ACA938EE9AA8E54C66DF81F0 /* RanchOSPropertyLiveStoreTests.swift in Sources */ = {isa = PBXBuildFile; fileRef = 1397792AF9996A42ECCF0EF7 /* RanchOSPropertyLiveStoreTests.swift */; };
		B9DDCF4A4C68DEEF967F8BED /* FixtureSession.swift in Sources */ = {isa = PBXBuildFile; fileRef = 8BCCBAB1AFB59D5343A55BC7 /* FixtureSession.swift */; };
		BB5F168B30B765E58AEFB853 /* RanchVAWorkspace.swift in Sources */ = {isa = PBXBuildFile; fileRef = E195EE535962477DB2A48E5C /* RanchVAWorkspace.swift */; };
		C04AA63ACF40404740FA2356 /* RanchOSMac-Info.plist in Resources */ = {isa = PBXBuildFile; fileRef = C84C41D7E31B417C8395EF48 /* RanchOSMac-Info.plist */; };
		C2D7ED34823DF4947649E0D7 /* VoiceInput.swift in Sources */ = {isa = PBXBuildFile; fileRef = 9DA22C52AEDA33AC00525C7C /* VoiceInput.swift */; };
		D0DF4E3DB9718EC1261CFB79 /* VoiceInput.swift in Sources */ = {isa = PBXBuildFile; fileRef = 9DA22C52AEDA33AC00525C7C /* VoiceInput.swift */; };
		C63530FD2A422C672ACB6D8A /* RanchOSHubModel.swift in Sources */ = {isa = PBXBuildFile; fileRef = FA4B50CCAC6463D5838CB2C2 /* RanchOSHubModel.swift */; };
		C6657E06195C2E952E9F8AB8 /* RanchOSiOS-Info.plist in Resources */ = {isa = PBXBuildFile; fileRef = 5F3BD88B0A8C184C93FEEBDD /* RanchOSiOS-Info.plist */; };
		CC5196ACE4FE0D288B2604CD /* RanchOSLivestockStoreTests.swift in Sources */ = {isa = PBXBuildFile; fileRef = A19114E28316BE53FC523170 /* RanchOSLivestockStoreTests.swift */; };
		D00953C51EDEBF52F2238640 /* RanchVAWeather.swift in Sources */ = {isa = PBXBuildFile; fileRef = 7D559F660DC862C2FC22205E /* RanchVAWeather.swift */; };
		D7ACBF6664501986335F46D9 /* RanchOSLivestockBrowserView.swift in Sources */ = {isa = PBXBuildFile; fileRef = 87911BB80FEF3B27AB49E918 /* RanchOSLivestockBrowserView.swift */; };
		D91294165D680AA0E909B79A /* RanchOSPropertyLiveStore.swift in Sources */ = {isa = PBXBuildFile; fileRef = DDDEBB618C5264B8A47AE065 /* RanchOSPropertyLiveStore.swift */; };
		DD470DE88A673C132C1C29E2 /* RanchOSLivestockBrowserView.swift in Sources */ = {isa = PBXBuildFile; fileRef = 87911BB80FEF3B27AB49E918 /* RanchOSLivestockBrowserView.swift */; };
		DEFDE9802034BCAC2720FA29 /* RanchOSHomeView.swift in Sources */ = {isa = PBXBuildFile; fileRef = 72B4D5FC76FFFCDAB2D39D7E /* RanchOSHomeView.swift */; };
		E03214C1AC2BC782C220DDF8 /* RanchOSLivestockBrowserModel.swift in Sources */ = {isa = PBXBuildFile; fileRef = AE1A6843BA52192829BC0BCC /* RanchOSLivestockBrowserModel.swift */; };
		E24311C43D3A1AD7B4E3D40C /* RanchOSLivestockBrowserModel.swift in Sources */ = {isa = PBXBuildFile; fileRef = AE1A6843BA52192829BC0BCC /* RanchOSLivestockBrowserModel.swift */; };
		F1A3BB6F2590F679408E6C14 /* RanchVAWeather.swift in Sources */ = {isa = PBXBuildFile; fileRef = 7D559F660DC862C2FC22205E /* RanchVAWeather.swift */; };
		FAC1E6222B6CC22541580297 /* FixtureSession.swift in Sources */ = {isa = PBXBuildFile; fileRef = 8BCCBAB1AFB59D5343A55BC7 /* FixtureSession.swift */; };
/* End PBXBuildFile section */

/* Begin PBXFileReference section */
		0A800F8592481015682150AE /* RanchVADEVWorkspace.swift */ = {isa = PBXFileReference; lastKnownFileType = sourcecode.swift; path = RanchVADEVWorkspace.swift; sourceTree = "<group>"; };
		1397792AF9996A42ECCF0EF7 /* RanchOSPropertyLiveStoreTests.swift */ = {isa = PBXFileReference; lastKnownFileType = sourcecode.swift; path = RanchOSPropertyLiveStoreTests.swift; sourceTree = "<group>"; };
		1B9EC6A622C755733752879E /* RanchOSTVHomeView.swift */ = {isa = PBXFileReference; lastKnownFileType = sourcecode.swift; path = RanchOSTVHomeView.swift; sourceTree = "<group>"; };
		25F96BB70E3F765675708CAA /* RanchVAWeatherTests.swift */ = {isa = PBXFileReference; lastKnownFileType = sourcecode.swift; path = RanchVAWeatherTests.swift; sourceTree = "<group>"; };
		2B6B6B00F723CBC55517FDAF /* RanchOSLivestockConnection.swift */ = {isa = PBXFileReference; lastKnownFileType = sourcecode.swift; path = RanchOSLivestockConnection.swift; sourceTree = "<group>"; };
		402E268F0E0033791191C654 /* RanchVADEVQuery.swift */ = {isa = PBXFileReference; lastKnownFileType = sourcecode.swift; path = RanchVADEVQuery.swift; sourceTree = "<group>"; };
		454C7A8A973451ABCEB01A80 /* RanchOSiOS.app */ = {isa = PBXFileReference; includeInIndex = 0; lastKnownFileType = wrapper.application; path = RanchOSiOS.app; sourceTree = BUILT_PRODUCTS_DIR; };
		4E1EAD2BBD7236536AED4D8E /* RanchOSTV-Info.plist */ = {isa = PBXFileReference; lastKnownFileType = text.plist; path = "RanchOSTV-Info.plist"; sourceTree = "<group>"; };
		571843A754007CC43A96B1D2 /* RanchOSTV.app */ = {isa = PBXFileReference; includeInIndex = 0; lastKnownFileType = wrapper.application; path = RanchOSTV.app; sourceTree = BUILT_PRODUCTS_DIR; };
		59F729E99881C1B5C531D476 /* RanchVAAssetGraphTests.swift */ = {isa = PBXFileReference; lastKnownFileType = sourcecode.swift; path = RanchVAAssetGraphTests.swift; sourceTree = "<group>"; };
		5DF5F2E1A92B231CAA8FBBFC /* RanchOSLivestockStore.swift */ = {isa = PBXFileReference; lastKnownFileType = sourcecode.swift; path = RanchOSLivestockStore.swift; sourceTree = "<group>"; };
		5F3BD88B0A8C184C93FEEBDD /* RanchOSiOS-Info.plist */ = {isa = PBXFileReference; lastKnownFileType = text.plist; path = "RanchOSiOS-Info.plist"; sourceTree = "<group>"; };
		613AA46701E775DD8BDC30A4 /* Assets.xcassets */ = {isa = PBXFileReference; lastKnownFileType = folder.assetcatalog; path = Assets.xcassets; sourceTree = "<group>"; };
		6A04C22D1EE199C860E5C42C /* RanchOSApp.swift */ = {isa = PBXFileReference; lastKnownFileType = sourcecode.swift; path = RanchOSApp.swift; sourceTree = "<group>"; };
		72B4D5FC76FFFCDAB2D39D7E /* RanchOSHomeView.swift */ = {isa = PBXFileReference; lastKnownFileType = sourcecode.swift; path = RanchOSHomeView.swift; sourceTree = "<group>"; };
		7D559F660DC862C2FC22205E /* RanchVAWeather.swift */ = {isa = PBXFileReference; lastKnownFileType = sourcecode.swift; path = RanchVAWeather.swift; sourceTree = "<group>"; };
		87911BB80FEF3B27AB49E918 /* RanchOSLivestockBrowserView.swift */ = {isa = PBXFileReference; lastKnownFileType = sourcecode.swift; path = RanchOSLivestockBrowserView.swift; sourceTree = "<group>"; };
		8BCCBAB1AFB59D5343A55BC7 /* FixtureSession.swift */ = {isa = PBXFileReference; lastKnownFileType = sourcecode.swift; path = FixtureSession.swift; sourceTree = "<group>"; };
		9B4314CD7041D120B94607E2 /* RanchVAAssetGraph.swift */ = {isa = PBXFileReference; lastKnownFileType = sourcecode.swift; path = RanchVAAssetGraph.swift; sourceTree = "<group>"; };
		9DA22C52AEDA33AC00525C7C /* VoiceInput.swift */ = {isa = PBXFileReference; lastKnownFileType = sourcecode.swift; path = VoiceInput.swift; sourceTree = "<group>"; };
		A19114E28316BE53FC523170 /* RanchOSLivestockStoreTests.swift */ = {isa = PBXFileReference; lastKnownFileType = sourcecode.swift; path = RanchOSLivestockStoreTests.swift; sourceTree = "<group>"; };
		A20B13B702C280E25102FA85 /* RanchOSLivestockConnectionTests.swift */ = {isa = PBXFileReference; lastKnownFileType = sourcecode.swift; path = RanchOSLivestockConnectionTests.swift; sourceTree = "<group>"; };
		A9CC0F7474342DE5D818EA6B /* RanchOSHubModelTests.swift */ = {isa = PBXFileReference; lastKnownFileType = sourcecode.swift; path = RanchOSHubModelTests.swift; sourceTree = "<group>"; };
		AE1A6843BA52192829BC0BCC /* RanchOSLivestockBrowserModel.swift */ = {isa = PBXFileReference; lastKnownFileType = sourcecode.swift; path = RanchOSLivestockBrowserModel.swift; sourceTree = "<group>"; };
		B980AF6909E06E60BF84C096 /* RanchOSHubTests.xctest */ = {isa = PBXFileReference; explicitFileType = wrapper.cfbundle; includeInIndex = 0; path = RanchOSHubTests.xctest; sourceTree = BUILT_PRODUCTS_DIR; };
		C46DA45AF23B7B1800BC6768 /* LogitechCamera.swift */ = {isa = PBXFileReference; lastKnownFileType = sourcecode.swift; path = LogitechCamera.swift; sourceTree = "<group>"; };
		C84C41D7E31B417C8395EF48 /* RanchOSMac-Info.plist */ = {isa = PBXFileReference; lastKnownFileType = text.plist; path = "RanchOSMac-Info.plist"; sourceTree = "<group>"; };
		C94A9740AE1C2B41C8AD8A3B /* RanchOSLivestockBrowserTests.swift */ = {isa = PBXFileReference; lastKnownFileType = sourcecode.swift; path = RanchOSLivestockBrowserTests.swift; sourceTree = "<group>"; };
		CAF02F5C00C3DF293BD58C32 /* FixtureDetailBrowser.swift */ = {isa = PBXFileReference; lastKnownFileType = sourcecode.swift; path = FixtureDetailBrowser.swift; sourceTree = "<group>"; };
		DDDEBB618C5264B8A47AE065 /* RanchOSPropertyLiveStore.swift */ = {isa = PBXFileReference; lastKnownFileType = sourcecode.swift; path = RanchOSPropertyLiveStore.swift; sourceTree = "<group>"; };
		E195EE535962477DB2A48E5C /* RanchVAWorkspace.swift */ = {isa = PBXFileReference; lastKnownFileType = sourcecode.swift; path = RanchVAWorkspace.swift; sourceTree = "<group>"; };
		E551E91162E7243C1548AA07 /* RanchVADEVQueryTests.swift */ = {isa = PBXFileReference; lastKnownFileType = sourcecode.swift; path = RanchVADEVQueryTests.swift; sourceTree = "<group>"; };
		F4794115307799C91B51792F /* RanchOSMac.app */ = {isa = PBXFileReference; explicitFileType = wrapper.application; includeInIndex = 0; path = RanchOSMac.app; sourceTree = BUILT_PRODUCTS_DIR; };
		FA4B50CCAC6463D5838CB2C2 /* RanchOSHubModel.swift */ = {isa = PBXFileReference; lastKnownFileType = sourcecode.swift; path = RanchOSHubModel.swift; sourceTree = "<group>"; };
/* End PBXFileReference section */

/* Begin PBXGroup section */
		192278FA4A926AA119EC1998 /* HubSources */ = {
			isa = PBXGroup;
			children = (
				613AA46701E775DD8BDC30A4 /* Assets.xcassets */,
				6A04C22D1EE199C860E5C42C /* RanchOSApp.swift */,
				72B4D5FC76FFFCDAB2D39D7E /* RanchOSHomeView.swift */,
				FA4B50CCAC6463D5838CB2C2 /* RanchOSHubModel.swift */,
				5F3BD88B0A8C184C93FEEBDD /* RanchOSiOS-Info.plist */,
				AE1A6843BA52192829BC0BCC /* RanchOSLivestockBrowserModel.swift */,
				87911BB80FEF3B27AB49E918 /* RanchOSLivestockBrowserView.swift */,
				2B6B6B00F723CBC55517FDAF /* RanchOSLivestockConnection.swift */,
				5DF5F2E1A92B231CAA8FBBFC /* RanchOSLivestockStore.swift */,
				C84C41D7E31B417C8395EF48 /* RanchOSMac-Info.plist */,
				DDDEBB618C5264B8A47AE065 /* RanchOSPropertyLiveStore.swift */,
				4E1EAD2BBD7236536AED4D8E /* RanchOSTV-Info.plist */,
				1B9EC6A622C755733752879E /* RanchOSTVHomeView.swift */,
				855848CDC30644B8F6FF73EB /* Jarvis */,
			);
			path = HubSources;
			sourceTree = "<group>";
		};
		855848CDC30644B8F6FF73EB /* Jarvis */ = {
			isa = PBXGroup;
			children = (
				CAF02F5C00C3DF293BD58C32 /* FixtureDetailBrowser.swift */,
				8BCCBAB1AFB59D5343A55BC7 /* FixtureSession.swift */,
				C46DA45AF23B7B1800BC6768 /* LogitechCamera.swift */,
				9B4314CD7041D120B94607E2 /* RanchVAAssetGraph.swift */,
				402E268F0E0033791191C654 /* RanchVADEVQuery.swift */,
				0A800F8592481015682150AE /* RanchVADEVWorkspace.swift */,
				7D559F660DC862C2FC22205E /* RanchVAWeather.swift */,
				E195EE535962477DB2A48E5C /* RanchVAWorkspace.swift */,
				9DA22C52AEDA33AC00525C7C /* VoiceInput.swift */,
			);
			path = Jarvis;
			sourceTree = "<group>";
		};
		87B401673D44C3DA826970B8 = {
			isa = PBXGroup;
			children = (
				192278FA4A926AA119EC1998 /* HubSources */,
				ADA04D2104EDF342AC6F4A30 /* HubTests */,
				BE768A9EBF118F940D948635 /* Products */,
			);
			sourceTree = "<group>";
		};
		ADA04D2104EDF342AC6F4A30 /* HubTests */ = {
			isa = PBXGroup;
			children = (
				A9CC0F7474342DE5D818EA6B /* RanchOSHubModelTests.swift */,
				C94A9740AE1C2B41C8AD8A3B /* RanchOSLivestockBrowserTests.swift */,
				A20B13B702C280E25102FA85 /* RanchOSLivestockConnectionTests.swift */,
				A19114E28316BE53FC523170 /* RanchOSLivestockStoreTests.swift */,
				1397792AF9996A42ECCF0EF7 /* RanchOSPropertyLiveStoreTests.swift */,
				59F729E99881C1B5C531D476 /* RanchVAAssetGraphTests.swift */,
				E551E91162E7243C1548AA07 /* RanchVADEVQueryTests.swift */,
				25F96BB70E3F765675708CAA /* RanchVAWeatherTests.swift */,
			);
			path = HubTests;
			sourceTree = "<group>";
		};
		BE768A9EBF118F940D948635 /* Products */ = {
			isa = PBXGroup;
			children = (
				B980AF6909E06E60BF84C096 /* RanchOSHubTests.xctest */,
				454C7A8A973451ABCEB01A80 /* RanchOSiOS.app */,
				F4794115307799C91B51792F /* RanchOSMac.app */,
				571843A754007CC43A96B1D2 /* RanchOSTV.app */,
			);
			name = Products;
			sourceTree = "<group>";
		};
/* End PBXGroup section */

/* Begin PBXNativeTarget section */
		2352E454A977876033968307 /* RanchOSHubTests */ = {
			isa = PBXNativeTarget;
			buildConfigurationList = 7EF97EAC231ADEBCE73A4E64 /* Build configuration list for PBXNativeTarget "RanchOSHubTests" */;
			buildPhases = (
				CDE2F198329144C4CB078C06 /* Sources */,
			);
			buildRules = (
			);
			dependencies = (
			);
			name = RanchOSHubTests;
			packageProductDependencies = (
			);
			productName = RanchOSHubTests;
			productReference = B980AF6909E06E60BF84C096 /* RanchOSHubTests.xctest */;
			productType = "com.apple.product-type.bundle.unit-test";
		};
		4C968AEC9BF500EABC43B942 /* RanchOSTV */ = {
			isa = PBXNativeTarget;
			buildConfigurationList = 450F1B0A4F6FA5623D2C91EA /* Build configuration list for PBXNativeTarget "RanchOSTV" */;
			buildPhases = (
				16BEB0CDE74B77923B1996B6 /* Sources */,
				CA2FCA4F7F41643B390D5B1A /* Resources */,
			);
			buildRules = (
			);
			dependencies = (
			);
			name = RanchOSTV;
			packageProductDependencies = (
			);
			productName = RanchOSTV;
			productReference = 571843A754007CC43A96B1D2 /* RanchOSTV.app */;
			productType = "com.apple.product-type.application";
		};
		729543D66B9E38D3FA7053EE /* RanchOSiOS */ = {
			isa = PBXNativeTarget;
			buildConfigurationList = 4D00DCB9D3DC51C17D3A392D /* Build configuration list for PBXNativeTarget "RanchOSiOS" */;
			buildPhases = (
				E2986F75EB1E204C4AFE8A51 /* Sources */,
				DC1D7A76D69C78E27F38703F /* Resources */,
			);
			buildRules = (
			);
			dependencies = (
			);
			name = RanchOSiOS;
			packageProductDependencies = (
			);
			productName = RanchOSiOS;
			productReference = 454C7A8A973451ABCEB01A80 /* RanchOSiOS.app */;
			productType = "com.apple.product-type.application";
		};
		9A94689B7908CC1EBC9E4C16 /* RanchOSMac */ = {
			isa = PBXNativeTarget;
			buildConfigurationList = D9E9A95B676C3B5CA2F49F3E /* Build configuration list for PBXNativeTarget "RanchOSMac" */;
			buildPhases = (
				35E7DA57674B48820CA969A9 /* Sources */,
				9154477C9E81D90A6DFB9F7B /* Resources */,
			);
			buildRules = (
			);
			dependencies = (
			);
			name = RanchOSMac;
			packageProductDependencies = (
			);
			productName = RanchOSMac;
			productReference = F4794115307799C91B51792F /* RanchOSMac.app */;
			productType = "com.apple.product-type.application";
		};
/* End PBXNativeTarget section */

/* Begin PBXProject section */
		FB841E07852895CE8FF7303E /* Project object */ = {
			isa = PBXProject;
			attributes = {
				BuildIndependentTargetsInParallel = YES;
				LastUpgradeCheck = 1600;
				TargetAttributes = {
					2352E454A977876033968307 = {
						DevelopmentTeam = "";
						ProvisioningStyle = Manual;
					};
					4C968AEC9BF500EABC43B942 = {
						DevelopmentTeam = "";
						ProvisioningStyle = Manual;
					};
					729543D66B9E38D3FA7053EE = {
						DevelopmentTeam = "";
						ProvisioningStyle = Manual;
					};
					9A94689B7908CC1EBC9E4C16 = {
						DevelopmentTeam = "";
						ProvisioningStyle = Manual;
					};
				};
			};
			buildConfigurationList = C94B0A4BD02D155C6E60D408 /* Build configuration list for PBXProject "RanchOS" */;
			developmentRegion = en;
			hasScannedForEncodings = 0;
			knownRegions = (
				Base,
				en,
			);
			mainGroup = 87B401673D44C3DA826970B8;
			minimizedProjectReferenceProxies = 1;
			preferredProjectObjectVersion = 77;
			productRefGroup = BE768A9EBF118F940D948635 /* Products */;
			projectDirPath = "";
			projectRoot = "";
			targets = (
				729543D66B9E38D3FA7053EE /* RanchOSiOS */,
				9A94689B7908CC1EBC9E4C16 /* RanchOSMac */,
				4C968AEC9BF500EABC43B942 /* RanchOSTV */,
				2352E454A977876033968307 /* RanchOSHubTests */,
			);
		};
/* End PBXProject section */

/* Begin PBXResourcesBuildPhase section */
		9154477C9E81D90A6DFB9F7B /* Resources */ = {
			isa = PBXResourcesBuildPhase;
			buildActionMask = 2147483647;
			files = (
				517EC06CF4DBA324AB942CA4 /* Assets.xcassets in Resources */,
				76CA03ADA0845A503440D341 /* RanchOSTV-Info.plist in Resources */,
				C6657E06195C2E952E9F8AB8 /* RanchOSiOS-Info.plist in Resources */,
			);
			runOnlyForDeploymentPostprocessing = 0;
		};
		CA2FCA4F7F41643B390D5B1A /* Resources */ = {
			isa = PBXResourcesBuildPhase;
			buildActionMask = 2147483647;
			files = (
				4A6B37C5F34BFD9BE7611950 /* Assets.xcassets in Resources */,
				2F77DC137208C1748A31D250 /* RanchOSMac-Info.plist in Resources */,
				618564DE5DE8C8842183C933 /* RanchOSiOS-Info.plist in Resources */,
			);
			runOnlyForDeploymentPostprocessing = 0;
		};
		DC1D7A76D69C78E27F38703F /* Resources */ = {
			isa = PBXResourcesBuildPhase;
			buildActionMask = 2147483647;
			files = (
				90C3BCFA7E0C18A55B992430 /* Assets.xcassets in Resources */,
				C04AA63ACF40404740FA2356 /* RanchOSMac-Info.plist in Resources */,
				1189FA0524BABAB2504106B9 /* RanchOSTV-Info.plist in Resources */,
			);
			runOnlyForDeploymentPostprocessing = 0;
		};
/* End PBXResourcesBuildPhase section */

/* Begin PBXSourcesBuildPhase section */
		16BEB0CDE74B77923B1996B6 /* Sources */ = {
			isa = PBXSourcesBuildPhase;
			buildActionMask = 2147483647;
			files = (
				866EF7430D89934BA0F9B45A /* FixtureDetailBrowser.swift in Sources */,
				A380297C016D2E0E83A77304 /* FixtureSession.swift in Sources */,
				768EDEF0BC5439F343613E0D /* LogitechCamera.swift in Sources */,
				9499C316C9F3C1F528B1B11B /* RanchOSApp.swift in Sources */,
				37B2FB76EC4C2819D2969DBA /* RanchOSHomeView.swift in Sources */,
				53B5820CF13D08C27E6866BC /* RanchOSHubModel.swift in Sources */,
				E24311C43D3A1AD7B4E3D40C /* RanchOSLivestockBrowserModel.swift in Sources */,
				9EBD52CF88B195301F6781CA /* RanchOSLivestockConnection.swift in Sources */,
				6B18AD7A6F5DDE55325D28E7 /* RanchOSLivestockStore.swift in Sources */,
				A15D64C9F11BB89AAB079C21 /* RanchOSPropertyLiveStore.swift in Sources */,
				8F624DC859A59696959F6829 /* RanchOSTVHomeView.swift in Sources */,
				40E5BD06B75A2A253538DD0F /* RanchVAAssetGraph.swift in Sources */,
				87FAB9F233E0F980AAB95595 /* RanchVADEVQuery.swift in Sources */,
				73B900C8C3E8840EC43C4DBE /* RanchVADEVWorkspace.swift in Sources */,
				F1A3BB6F2590F679408E6C14 /* RanchVAWeather.swift in Sources */,
				25F4EFA6FC89E4F75C526334 /* RanchVAWorkspace.swift in Sources */,
				72653610B4D37B03A33090F6 /* VoiceInput.swift in Sources */,
			);
			runOnlyForDeploymentPostprocessing = 0;
		};
		35E7DA57674B48820CA969A9 /* Sources */ = {
			isa = PBXSourcesBuildPhase;
			buildActionMask = 2147483647;
			files = (
				8900E7B2ED14FD58D8E4710A /* FixtureDetailBrowser.swift in Sources */,
				B9DDCF4A4C68DEEF967F8BED /* FixtureSession.swift in Sources */,
				66CEEE588A1E147372575423 /* LogitechCamera.swift in Sources */,
				470C65898CA093AE5DA8A254 /* RanchOSApp.swift in Sources */,
				7ABE342D35D442172B63444C /* RanchOSHomeView.swift in Sources */,
				232C0D73D888423130882D6B /* RanchOSHubModel.swift in Sources */,
				E03214C1AC2BC782C220DDF8 /* RanchOSLivestockBrowserModel.swift in Sources */,
				D7ACBF6664501986335F46D9 /* RanchOSLivestockBrowserView.swift in Sources */,
				6E9CEF09CB648E6D0BCB4A41 /* RanchOSLivestockConnection.swift in Sources */,
				4A9BC96C4B7D38B9E67B349B /* RanchOSLivestockStore.swift in Sources */,
				D91294165D680AA0E909B79A /* RanchOSPropertyLiveStore.swift in Sources */,
				8AF17A99B07B4D8E547B8E0E /* RanchOSTVHomeView.swift in Sources */,
				5029F0FA723EED3FBF4A36D6 /* RanchVAAssetGraph.swift in Sources */,
				6EE77312CE3C24F56F03D3F1 /* RanchVADEVQuery.swift in Sources */,
				91936F92A0928385E668024E /* RanchVADEVWorkspace.swift in Sources */,
				4517BC1A8B3F5E820108D602 /* RanchVAWeather.swift in Sources */,
				BB5F168B30B765E58AEFB853 /* RanchVAWorkspace.swift in Sources */,
				3C4264FFF4E111C2A08BECB1 /* VoiceInput.swift in Sources */,
			);
			runOnlyForDeploymentPostprocessing = 0;
		};
		CDE2F198329144C4CB078C06 /* Sources */ = {
			isa = PBXSourcesBuildPhase;
			buildActionMask = 2147483647;
			files = (
				C63530FD2A422C672ACB6D8A /* RanchOSHubModel.swift in Sources */,
				ABD0006DA9297148C764BC84 /* RanchOSHubModelTests.swift in Sources */,
				7CCE086381714FB3DAD838E9 /* RanchOSLivestockBrowserModel.swift in Sources */,
				850CAA7FC10084CA2D54C502 /* RanchOSLivestockBrowserTests.swift in Sources */,
				4B54B580B6F189F70F61473E /* RanchOSLivestockConnection.swift in Sources */,
				5DC2F10A00BBDF08BB0884B6 /* RanchOSLivestockConnectionTests.swift in Sources */,
				2F5C0B89EE1128E13A14F7A4 /* RanchOSLivestockStore.swift in Sources */,
				CC5196ACE4FE0D288B2604CD /* RanchOSLivestockStoreTests.swift in Sources */,
				4A7D7CE86375E700D37526D6 /* RanchOSPropertyLiveStore.swift in Sources */,
				ACA938EE9AA8E54C66DF81F0 /* RanchOSPropertyLiveStoreTests.swift in Sources */,
				616DD5B346FB9D0476E3086E /* RanchVAAssetGraph.swift in Sources */,
				02A7DE82849C359EA47671C6 /* RanchVAAssetGraphTests.swift in Sources */,
				01F6B3950B372786480C9AA7 /* RanchVADEVQuery.swift in Sources */,
				58B7E0FDE1127934536490DE /* RanchVADEVQueryTests.swift in Sources */,
				D0DF4E3DB9718EC1261CFB79 /* VoiceInput.swift in Sources */,
				D00953C51EDEBF52F2238640 /* RanchVAWeather.swift in Sources */,
				26F886BA855795AA9A236346 /* RanchVAWeatherTests.swift in Sources */,
			);
			runOnlyForDeploymentPostprocessing = 0;
		};
		E2986F75EB1E204C4AFE8A51 /* Sources */ = {
			isa = PBXSourcesBuildPhase;
			buildActionMask = 2147483647;
			files = (
				4C48FB828E29D734168B2364 /* FixtureDetailBrowser.swift in Sources */,
				FAC1E6222B6CC22541580297 /* FixtureSession.swift in Sources */,
				9E07C3032BED00091BEAE81B /* LogitechCamera.swift in Sources */,
				5B11DAE14A7B9B8F4C62C0B6 /* RanchOSApp.swift in Sources */,
				DEFDE9802034BCAC2720FA29 /* RanchOSHomeView.swift in Sources */,
				8A7EBE108BF376552C68B654 /* RanchOSHubModel.swift in Sources */,
				5E49256CA0A994D9E07CE57E /* RanchOSLivestockBrowserModel.swift in Sources */,
				DD470DE88A673C132C1C29E2 /* RanchOSLivestockBrowserView.swift in Sources */,
				0D22BF4C101CB25EB8168CB3 /* RanchOSLivestockConnection.swift in Sources */,
				0B6CAAC6A5D932783108710F /* RanchOSLivestockStore.swift in Sources */,
				3D80157B70E6A494C814A364 /* RanchOSPropertyLiveStore.swift in Sources */,
				0E61120FCE9229A9A00BD0D1 /* RanchOSTVHomeView.swift in Sources */,
				6FA76541BD209C8FE7602891 /* RanchVAAssetGraph.swift in Sources */,
				57C20A08EEF094408DC60703 /* RanchVADEVQuery.swift in Sources */,
				7D48743D0BA74B36EF949A20 /* RanchVADEVWorkspace.swift in Sources */,
				5460FE0E2A06EA4677A3A66E /* RanchVAWeather.swift in Sources */,
				7E8E3DCAE7B69E61CFD4A53D /* RanchVAWorkspace.swift in Sources */,
				C2D7ED34823DF4947649E0D7 /* VoiceInput.swift in Sources */,
			);
			runOnlyForDeploymentPostprocessing = 0;
		};
/* End PBXSourcesBuildPhase section */

/* Begin XCBuildConfiguration section */
		250263F7782CD443C7DB0198 /* Debug */ = {
			isa = XCBuildConfiguration;
			buildSettings = {
				ASSETCATALOG_COMPILER_APPICON_NAME = TVAppIcon;
				ASSETCATALOG_COMPILER_LAUNCHIMAGE_NAME = LaunchImage;
				GENERATE_INFOPLIST_FILE = NO;
				INFOPLIST_FILE = "HubSources/RanchOSTV-Info.plist";
				LD_RUNPATH_SEARCH_PATHS = (
					"$(inherited)",
					"@executable_path/Frameworks",
				);
				PRODUCT_BUNDLE_IDENTIFIER = ai.openclaw.ranchos.tv.dev;
				PRODUCT_NAME = RanchOS;
				SDKROOT = appletvos;
				TARGETED_DEVICE_FAMILY = 3;
				TVOS_DEPLOYMENT_TARGET = 18.0;
			};
			name = Debug;
		};
		6117A09B8574586B2CDD2F19 /* Release */ = {
			isa = XCBuildConfiguration;
			buildSettings = {
				ASSETCATALOG_COMPILER_APPICON_NAME = AppIcon;
				COMBINE_HIDPI_IMAGES = YES;
				GENERATE_INFOPLIST_FILE = NO;
				INFOPLIST_FILE = "HubSources/RanchOSMac-Info.plist";
				LD_RUNPATH_SEARCH_PATHS = (
					"$(inherited)",
					"@executable_path/../Frameworks",
				);
				MACOSX_DEPLOYMENT_TARGET = 15.0;
				PRODUCT_BUNDLE_IDENTIFIER = ai.openclaw.ranchos.macos.dev;
				PRODUCT_NAME = RanchOS;
				SDKROOT = macosx;
			};
			name = Release;
		};
		90D92987401455846C7400CA /* Debug */ = {
			isa = XCBuildConfiguration;
			buildSettings = {
				ALWAYS_SEARCH_USER_PATHS = NO;
				CLANG_ANALYZER_NONNULL = YES;
				CLANG_ANALYZER_NUMBER_OBJECT_CONVERSION = YES_AGGRESSIVE;
				CLANG_CXX_LANGUAGE_STANDARD = "gnu++14";
				CLANG_CXX_LIBRARY = "libc++";
				CLANG_ENABLE_MODULES = YES;
				CLANG_ENABLE_OBJC_ARC = YES;
				CLANG_ENABLE_OBJC_WEAK = YES;
				CLANG_WARN_BLOCK_CAPTURE_AUTORELEASING = YES;
				CLANG_WARN_BOOL_CONVERSION = YES;
				CLANG_WARN_COMMA = YES;
				CLANG_WARN_CONSTANT_CONVERSION = YES;
				CLANG_WARN_DEPRECATED_OBJC_IMPLEMENTATIONS = YES;
				CLANG_WARN_DIRECT_OBJC_ISA_USAGE = YES_ERROR;
				CLANG_WARN_DOCUMENTATION_COMMENTS = YES;
				CLANG_WARN_EMPTY_BODY = YES;
				CLANG_WARN_ENUM_CONVERSION = YES;
				CLANG_WARN_INFINITE_RECURSION = YES;
				CLANG_WARN_INT_CONVERSION = YES;
				CLANG_WARN_NON_LITERAL_NULL_CONVERSION = YES;
				CLANG_WARN_OBJC_IMPLICIT_RETAIN_SELF = YES;
				CLANG_WARN_OBJC_LITERAL_CONVERSION = YES;
				CLANG_WARN_OBJC_ROOT_CLASS = YES_ERROR;
				CLANG_WARN_QUOTED_INCLUDE_IN_FRAMEWORK_HEADER = YES;
				CLANG_WARN_RANGE_LOOP_ANALYSIS = YES;
				CLANG_WARN_STRICT_PROTOTYPES = YES;
				CLANG_WARN_SUSPICIOUS_MOVE = YES;
				CLANG_WARN_UNGUARDED_AVAILABILITY = YES_AGGRESSIVE;
				CLANG_WARN_UNREACHABLE_CODE = YES;
				CLANG_WARN__DUPLICATE_METHOD_MATCH = YES;
				CODE_SIGNING_ALLOWED = NO;
				CODE_SIGNING_REQUIRED = NO;
				CODE_SIGN_IDENTITY = "";
				CODE_SIGN_STYLE = Manual;
				COPY_PHASE_STRIP = NO;
				DEBUG_INFORMATION_FORMAT = dwarf;
				DEVELOPMENT_TEAM = "";
				ENABLE_STRICT_OBJC_MSGSEND = YES;
				ENABLE_TESTABILITY = YES;
				GCC_C_LANGUAGE_STANDARD = gnu11;
				GCC_DYNAMIC_NO_PIC = NO;
				GCC_NO_COMMON_BLOCKS = YES;
				GCC_OPTIMIZATION_LEVEL = 0;
				GCC_PREPROCESSOR_DEFINITIONS = (
					"$(inherited)",
					"DEBUG=1",
				);
				GCC_WARN_64_TO_32_BIT_CONVERSION = YES;
				GCC_WARN_ABOUT_RETURN_TYPE = YES_ERROR;
				GCC_WARN_UNDECLARED_SELECTOR = YES;
				GCC_WARN_UNINITIALIZED_AUTOS = YES_AGGRESSIVE;
				GCC_WARN_UNUSED_FUNCTION = YES;
				GCC_WARN_UNUSED_VARIABLE = YES;
				IPHONEOS_DEPLOYMENT_TARGET = 18.0;
				MACOSX_DEPLOYMENT_TARGET = 15.0;
				MTL_ENABLE_DEBUG_INFO = INCLUDE_SOURCE;
				MTL_FAST_MATH = YES;
				ONLY_ACTIVE_ARCH = YES;
				PRODUCT_NAME = "$(TARGET_NAME)";
				SWIFT_ACTIVE_COMPILATION_CONDITIONS = DEBUG;
				SWIFT_OPTIMIZATION_LEVEL = "-Onone";
				SWIFT_VERSION = 6.0;
				TVOS_DEPLOYMENT_TARGET = 18.0;
			};
			name = Debug;
		};
		A65F6E84AAD7A450348E218D /* Release */ = {
			isa = XCBuildConfiguration;
			buildSettings = {
				ASSETCATALOG_COMPILER_APPICON_NAME = TVAppIcon;
				ASSETCATALOG_COMPILER_LAUNCHIMAGE_NAME = LaunchImage;
				GENERATE_INFOPLIST_FILE = NO;
				INFOPLIST_FILE = "HubSources/RanchOSTV-Info.plist";
				LD_RUNPATH_SEARCH_PATHS = (
					"$(inherited)",
					"@executable_path/Frameworks",
				);
				PRODUCT_BUNDLE_IDENTIFIER = ai.openclaw.ranchos.tv.dev;
				PRODUCT_NAME = RanchOS;
				SDKROOT = appletvos;
				TARGETED_DEVICE_FAMILY = 3;
				TVOS_DEPLOYMENT_TARGET = 18.0;
			};
			name = Release;
		};
		B3E04E6DD0D2FF120033D230 /* Debug */ = {
			isa = XCBuildConfiguration;
			buildSettings = {
				BUNDLE_LOADER = "$(TEST_HOST)";
				COMBINE_HIDPI_IMAGES = YES;
				GENERATE_INFOPLIST_FILE = YES;
				LD_RUNPATH_SEARCH_PATHS = (
					"$(inherited)",
					"@executable_path/../Frameworks",
					"@loader_path/../Frameworks",
				);
				MACOSX_DEPLOYMENT_TARGET = 15.0;
				PRODUCT_BUNDLE_IDENTIFIER = ai.openclaw.ranchos.hub.dev.tests;
				SDKROOT = macosx;
			};
			name = Debug;
		};
		C8919201FDE2CA22A9BC9FE5 /* Debug */ = {
			isa = XCBuildConfiguration;
			buildSettings = {
				ASSETCATALOG_COMPILER_APPICON_NAME = AppIcon;
				COMBINE_HIDPI_IMAGES = YES;
				GENERATE_INFOPLIST_FILE = NO;
				INFOPLIST_FILE = "HubSources/RanchOSMac-Info.plist";
				LD_RUNPATH_SEARCH_PATHS = (
					"$(inherited)",
					"@executable_path/../Frameworks",
				);
				MACOSX_DEPLOYMENT_TARGET = 15.0;
				PRODUCT_BUNDLE_IDENTIFIER = ai.openclaw.ranchos.macos.dev;
				PRODUCT_NAME = RanchOS;
				SDKROOT = macosx;
			};
			name = Debug;
		};
		D7266496BF2BA3EF5973181C /* Release */ = {
			isa = XCBuildConfiguration;
			buildSettings = {
				ASSETCATALOG_COMPILER_APPICON_NAME = AppIcon;
				CODE_SIGN_IDENTITY = "iPhone Developer";
				GENERATE_INFOPLIST_FILE = NO;
				INFOPLIST_FILE = "HubSources/RanchOSiOS-Info.plist";
				IPHONEOS_DEPLOYMENT_TARGET = 18.0;
				LD_RUNPATH_SEARCH_PATHS = (
					"$(inherited)",
					"@executable_path/Frameworks",
				);
				PRODUCT_BUNDLE_IDENTIFIER = ai.openclaw.ranchos.dev;
				PRODUCT_NAME = RanchOS;
				SDKROOT = iphoneos;
				TARGETED_DEVICE_FAMILY = "1,2";
			};
			name = Release;
		};
		E0A9EA3B795035A6821CEA15 /* Debug */ = {
			isa = XCBuildConfiguration;
			buildSettings = {
				ASSETCATALOG_COMPILER_APPICON_NAME = AppIcon;
				CODE_SIGN_IDENTITY = "iPhone Developer";
				GENERATE_INFOPLIST_FILE = NO;
				INFOPLIST_FILE = "HubSources/RanchOSiOS-Info.plist";
				IPHONEOS_DEPLOYMENT_TARGET = 18.0;
				LD_RUNPATH_SEARCH_PATHS = (
					"$(inherited)",
					"@executable_path/Frameworks",
				);
				PRODUCT_BUNDLE_IDENTIFIER = ai.openclaw.ranchos.dev;
				PRODUCT_NAME = RanchOS;
				SDKROOT = iphoneos;
				TARGETED_DEVICE_FAMILY = "1,2";
			};
			name = Debug;
		};
		EB9A28F69CB4A74E73ECA515 /* Release */ = {
			isa = XCBuildConfiguration;
			buildSettings = {
				BUNDLE_LOADER = "$(TEST_HOST)";
				COMBINE_HIDPI_IMAGES = YES;
				GENERATE_INFOPLIST_FILE = YES;
				LD_RUNPATH_SEARCH_PATHS = (
					"$(inherited)",
					"@executable_path/../Frameworks",
					"@loader_path/../Frameworks",
				);
				MACOSX_DEPLOYMENT_TARGET = 15.0;
				PRODUCT_BUNDLE_IDENTIFIER = ai.openclaw.ranchos.hub.dev.tests;
				SDKROOT = macosx;
			};
			name = Release;
		};
		FFF06EA59666E542F7ACA31C /* Release */ = {
			isa = XCBuildConfiguration;
			buildSettings = {
				ALWAYS_SEARCH_USER_PATHS = NO;
				CLANG_ANALYZER_NONNULL = YES;
				CLANG_ANALYZER_NUMBER_OBJECT_CONVERSION = YES_AGGRESSIVE;
				CLANG_CXX_LANGUAGE_STANDARD = "gnu++14";
				CLANG_CXX_LIBRARY = "libc++";
				CLANG_ENABLE_MODULES = YES;
				CLANG_ENABLE_OBJC_ARC = YES;
				CLANG_ENABLE_OBJC_WEAK = YES;
				CLANG_WARN_BLOCK_CAPTURE_AUTORELEASING = YES;
				CLANG_WARN_BOOL_CONVERSION = YES;
				CLANG_WARN_COMMA = YES;
				CLANG_WARN_CONSTANT_CONVERSION = YES;
				CLANG_WARN_DEPRECATED_OBJC_IMPLEMENTATIONS = YES;
				CLANG_WARN_DIRECT_OBJC_ISA_USAGE = YES_ERROR;
				CLANG_WARN_DOCUMENTATION_COMMENTS = YES;
				CLANG_WARN_EMPTY_BODY = YES;
				CLANG_WARN_ENUM_CONVERSION = YES;
				CLANG_WARN_INFINITE_RECURSION = YES;
				CLANG_WARN_INT_CONVERSION = YES;
				CLANG_WARN_NON_LITERAL_NULL_CONVERSION = YES;
				CLANG_WARN_OBJC_IMPLICIT_RETAIN_SELF = YES;
				CLANG_WARN_OBJC_LITERAL_CONVERSION = YES;
				CLANG_WARN_OBJC_ROOT_CLASS = YES_ERROR;
				CLANG_WARN_QUOTED_INCLUDE_IN_FRAMEWORK_HEADER = YES;
				CLANG_WARN_RANGE_LOOP_ANALYSIS = YES;
				CLANG_WARN_STRICT_PROTOTYPES = YES;
				CLANG_WARN_SUSPICIOUS_MOVE = YES;
				CLANG_WARN_UNGUARDED_AVAILABILITY = YES_AGGRESSIVE;
				CLANG_WARN_UNREACHABLE_CODE = YES;
				CLANG_WARN__DUPLICATE_METHOD_MATCH = YES;
				CODE_SIGNING_ALLOWED = NO;
				CODE_SIGNING_REQUIRED = NO;
				CODE_SIGN_IDENTITY = "";
				CODE_SIGN_STYLE = Manual;
				COPY_PHASE_STRIP = NO;
				DEBUG_INFORMATION_FORMAT = "dwarf-with-dsym";
				DEVELOPMENT_TEAM = "";
				ENABLE_NS_ASSERTIONS = NO;
				ENABLE_STRICT_OBJC_MSGSEND = YES;
				GCC_C_LANGUAGE_STANDARD = gnu11;
				GCC_NO_COMMON_BLOCKS = YES;
				GCC_WARN_64_TO_32_BIT_CONVERSION = YES;
				GCC_WARN_ABOUT_RETURN_TYPE = YES_ERROR;
				GCC_WARN_UNDECLARED_SELECTOR = YES;
				GCC_WARN_UNINITIALIZED_AUTOS = YES_AGGRESSIVE;
				GCC_WARN_UNUSED_FUNCTION = YES;
				GCC_WARN_UNUSED_VARIABLE = YES;
				IPHONEOS_DEPLOYMENT_TARGET = 18.0;
				MACOSX_DEPLOYMENT_TARGET = 15.0;
				MTL_ENABLE_DEBUG_INFO = NO;
				MTL_FAST_MATH = YES;
				PRODUCT_NAME = "$(TARGET_NAME)";
				SWIFT_COMPILATION_MODE = wholemodule;
				SWIFT_OPTIMIZATION_LEVEL = "-O";
				SWIFT_VERSION = 6.0;
				TVOS_DEPLOYMENT_TARGET = 18.0;
			};
			name = Release;
		};
/* End XCBuildConfiguration section */

/* Begin XCConfigurationList section */
		450F1B0A4F6FA5623D2C91EA /* Build configuration list for PBXNativeTarget "RanchOSTV" */ = {
			isa = XCConfigurationList;
			buildConfigurations = (
				250263F7782CD443C7DB0198 /* Debug */,
				A65F6E84AAD7A450348E218D /* Release */,
			);
			defaultConfigurationIsVisible = 0;
			defaultConfigurationName = Debug;
		};
		4D00DCB9D3DC51C17D3A392D /* Build configuration list for PBXNativeTarget "RanchOSiOS" */ = {
			isa = XCConfigurationList;
			buildConfigurations = (
				E0A9EA3B795035A6821CEA15 /* Debug */,
				D7266496BF2BA3EF5973181C /* Release */,
			);
			defaultConfigurationIsVisible = 0;
			defaultConfigurationName = Debug;
		};
		7EF97EAC231ADEBCE73A4E64 /* Build configuration list for PBXNativeTarget "RanchOSHubTests" */ = {
			isa = XCConfigurationList;
			buildConfigurations = (
				B3E04E6DD0D2FF120033D230 /* Debug */,
				EB9A28F69CB4A74E73ECA515 /* Release */,
			);
			defaultConfigurationIsVisible = 0;
			defaultConfigurationName = Debug;
		};
		C94B0A4BD02D155C6E60D408 /* Build configuration list for PBXProject "RanchOS" */ = {
			isa = XCConfigurationList;
			buildConfigurations = (
				90D92987401455846C7400CA /* Debug */,
				FFF06EA59666E542F7ACA31C /* Release */,
			);
			defaultConfigurationIsVisible = 0;
			defaultConfigurationName = Debug;
		};
		D9E9A95B676C3B5CA2F49F3E /* Build configuration list for PBXNativeTarget "RanchOSMac" */ = {
			isa = XCConfigurationList;
			buildConfigurations = (
				C8919201FDE2CA22A9BC9FE5 /* Debug */,
				6117A09B8574586B2CDD2F19 /* Release */,
			);
			defaultConfigurationIsVisible = 0;
			defaultConfigurationName = Debug;
		};
/* End XCConfigurationList section */
	};
	rootObject = FB841E07852895CE8FF7303E /* Project object */;
}
