// !$*UTF8*$!
{
	archiveVersion = 1;
	classes = {
	};
	objectVersion = 77;
	objects = {

/* Begin PBXBuildFile section */
		0E61120FCE9229A9A00BD0D1 /* RanchOSTVHomeView.swift in Sources */ = {isa = PBXBuildFile; fileRef = 1B9EC6A622C755733752879E /* RanchOSTVHomeView.swift */; };
		232C0D73D888423130882D6B /* RanchOSHubModel.swift in Sources */ = {isa = PBXBuildFile; fileRef = FA4B50CCAC6463D5838CB2C2 /* RanchOSHubModel.swift */; };
		37B2FB76EC4C2819D2969DBA /* RanchOSHomeView.swift in Sources */ = {isa = PBXBuildFile; fileRef = 72B4D5FC76FFFCDAB2D39D7E /* RanchOSHomeView.swift */; };
		470C65898CA093AE5DA8A254 /* RanchOSApp.swift in Sources */ = {isa = PBXBuildFile; fileRef = 6A04C22D1EE199C860E5C42C /* RanchOSApp.swift */; };
		4A6B37C5F34BFD9BE7611950 /* Assets.xcassets in Resources */ = {isa = PBXBuildFile; fileRef = 613AA46701E775DD8BDC30A4 /* Assets.xcassets */; };
		517EC06CF4DBA324AB942CA4 /* Assets.xcassets in Resources */ = {isa = PBXBuildFile; fileRef = 613AA46701E775DD8BDC30A4 /* Assets.xcassets */; };
		53B5820CF13D08C27E6866BC /* RanchOSHubModel.swift in Sources */ = {isa = PBXBuildFile; fileRef = FA4B50CCAC6463D5838CB2C2 /* RanchOSHubModel.swift */; };
		5B11DAE14A7B9B8F4C62C0B6 /* RanchOSApp.swift in Sources */ = {isa = PBXBuildFile; fileRef = 6A04C22D1EE199C860E5C42C /* RanchOSApp.swift */; };
		618564DE5DE8C8842183C933 /* RanchOSiOS-Info.plist in Resources */ = {isa = PBXBuildFile; fileRef = 5F3BD88B0A8C184C93FEEBDD /* RanchOSiOS-Info.plist */; };
		7ABE342D35D442172B63444C /* RanchOSHomeView.swift in Sources */ = {isa = PBXBuildFile; fileRef = 72B4D5FC76FFFCDAB2D39D7E /* RanchOSHomeView.swift */; };
		8A7EBE108BF376552C68B654 /* RanchOSHubModel.swift in Sources */ = {isa = PBXBuildFile; fileRef = FA4B50CCAC6463D5838CB2C2 /* RanchOSHubModel.swift */; };
		8AF17A99B07B4D8E547B8E0E /* RanchOSTVHomeView.swift in Sources */ = {isa = PBXBuildFile; fileRef = 1B9EC6A622C755733752879E /* RanchOSTVHomeView.swift */; };
		8F624DC859A59696959F6829 /* RanchOSTVHomeView.swift in Sources */ = {isa = PBXBuildFile; fileRef = 1B9EC6A622C755733752879E /* RanchOSTVHomeView.swift */; };
		90C3BCFA7E0C18A55B992430 /* Assets.xcassets in Resources */ = {isa = PBXBuildFile; fileRef = 613AA46701E775DD8BDC30A4 /* Assets.xcassets */; };
		9499C316C9F3C1F528B1B11B /* RanchOSApp.swift in Sources */ = {isa = PBXBuildFile; fileRef = 6A04C22D1EE199C860E5C42C /* RanchOSApp.swift */; };
		ABD0006DA9297148C764BC84 /* RanchOSHubModelTests.swift in Sources */ = {isa = PBXBuildFile; fileRef = A9CC0F7474342DE5D818EA6B /* RanchOSHubModelTests.swift */; };
		C63530FD2A422C672ACB6D8A /* RanchOSHubModel.swift in Sources */ = {isa = PBXBuildFile; fileRef = FA4B50CCAC6463D5838CB2C2 /* RanchOSHubModel.swift */; };
		C6657E06195C2E952E9F8AB8 /* RanchOSiOS-Info.plist in Resources */ = {isa = PBXBuildFile; fileRef = 5F3BD88B0A8C184C93FEEBDD /* RanchOSiOS-Info.plist */; };
		DEFDE9802034BCAC2720FA29 /* RanchOSHomeView.swift in Sources */ = {isa = PBXBuildFile; fileRef = 72B4D5FC76FFFCDAB2D39D7E /* RanchOSHomeView.swift */; };
/* End PBXBuildFile section */

/* Begin PBXFileReference section */
		1B9EC6A622C755733752879E /* RanchOSTVHomeView.swift */ = {isa = PBXFileReference; lastKnownFileType = sourcecode.swift; path = RanchOSTVHomeView.swift; sourceTree = "<group>"; };
		454C7A8A973451ABCEB01A80 /* RanchOSiOS.app */ = {isa = PBXFileReference; includeInIndex = 0; lastKnownFileType = wrapper.application; path = RanchOSiOS.app; sourceTree = BUILT_PRODUCTS_DIR; };
		571843A754007CC43A96B1D2 /* RanchOSTV.app */ = {isa = PBXFileReference; includeInIndex = 0; lastKnownFileType = wrapper.application; path = RanchOSTV.app; sourceTree = BUILT_PRODUCTS_DIR; };
		5F3BD88B0A8C184C93FEEBDD /* RanchOSiOS-Info.plist */ = {isa = PBXFileReference; lastKnownFileType = text.plist; path = "RanchOSiOS-Info.plist"; sourceTree = "<group>"; };
		613AA46701E775DD8BDC30A4 /* Assets.xcassets */ = {isa = PBXFileReference; lastKnownFileType = folder.assetcatalog; path = Assets.xcassets; sourceTree = "<group>"; };
		6A04C22D1EE199C860E5C42C /* RanchOSApp.swift */ = {isa = PBXFileReference; lastKnownFileType = sourcecode.swift; path = RanchOSApp.swift; sourceTree = "<group>"; };
		72B4D5FC76FFFCDAB2D39D7E /* RanchOSHomeView.swift */ = {isa = PBXFileReference; lastKnownFileType = sourcecode.swift; path = RanchOSHomeView.swift; sourceTree = "<group>"; };
		A9CC0F7474342DE5D818EA6B /* RanchOSHubModelTests.swift */ = {isa = PBXFileReference; lastKnownFileType = sourcecode.swift; path = RanchOSHubModelTests.swift; sourceTree = "<group>"; };
		B980AF6909E06E60BF84C096 /* RanchOSHubTests.xctest */ = {isa = PBXFileReference; explicitFileType = wrapper.cfbundle; includeInIndex = 0; path = RanchOSHubTests.xctest; sourceTree = BUILT_PRODUCTS_DIR; };
		F4794115307799C91B51792F /* RanchOSMac.app */ = {isa = PBXFileReference; explicitFileType = wrapper.application; includeInIndex = 0; path = RanchOSMac.app; sourceTree = BUILT_PRODUCTS_DIR; };
		FA4B50CCAC6463D5838CB2C2 /* RanchOSHubModel.swift */ = {isa = PBXFileReference; lastKnownFileType = sourcecode.swift; path = RanchOSHubModel.swift; sourceTree = "<group>"; };
/* End PBXFileReference section */

/* Begin PBXGroup section */
		192278FA4A926AA119EC1998 /* HubSources */ = {
			isa = PBXGroup;
			children = (
				613AA46701E775DD8BDC30A4 /* Assets.xcassets */,
				6A04C22D1EE199C860E5C42C /* RanchOSApp.swift */,
				72B4D5FC76FFFCDAB2D39D7E /* RanchOSHomeView.swift */,
				FA4B50CCAC6463D5838CB2C2 /* RanchOSHubModel.swift */,
				5F3BD88B0A8C184C93FEEBDD /* RanchOSiOS-Info.plist */,
				1B9EC6A622C755733752879E /* RanchOSTVHomeView.swift */,
			);
			path = HubSources;
			sourceTree = "<group>";
		};
		87B401673D44C3DA826970B8 = {
			isa = PBXGroup;
			children = (
				192278FA4A926AA119EC1998 /* HubSources */,
				ADA04D2104EDF342AC6F4A30 /* HubTests */,
				BE768A9EBF118F940D948635 /* Products */,
			);
			sourceTree = "<group>";
		};
		ADA04D2104EDF342AC6F4A30 /* HubTests */ = {
			isa = PBXGroup;
			children = (
				A9CC0F7474342DE5D818EA6B /* RanchOSHubModelTests.swift */,
			);
			path = HubTests;
			sourceTree = "<group>";
		};
		BE768A9EBF118F940D948635 /* Products */ = {
			isa = PBXGroup;
			children = (
				B980AF6909E06E60BF84C096 /* RanchOSHubTests.xctest */,
				454C7A8A973451ABCEB01A80 /* RanchOSiOS.app */,
				F4794115307799C91B51792F /* RanchOSMac.app */,
				571843A754007CC43A96B1D2 /* RanchOSTV.app */,
			);
			name = Products;
			sourceTree = "<group>";
		};
/* End PBXGroup section */

/* Begin PBXNativeTarget section */
		2352E454A977876033968307 /* RanchOSHubTests */ = {
			isa = PBXNativeTarget;
			buildConfigurationList = 7EF97EAC231ADEBCE73A4E64 /* Build configuration list for PBXNativeTarget "RanchOSHubTests" */;
			buildPhases = (
				CDE2F198329144C4CB078C06 /* Sources */,
			);
			buildRules = (
			);
			dependencies = (
			);
			name = RanchOSHubTests;
			packageProductDependencies = (
			);
			productName = RanchOSHubTests;
			productReference = B980AF6909E06E60BF84C096 /* RanchOSHubTests.xctest */;
			productType = "com.apple.product-type.bundle.unit-test";
		};
		4C968AEC9BF500EABC43B942 /* RanchOSTV */ = {
			isa = PBXNativeTarget;
			buildConfigurationList = 450F1B0A4F6FA5623D2C91EA /* Build configuration list for PBXNativeTarget "RanchOSTV" */;
			buildPhases = (
				16BEB0CDE74B77923B1996B6 /* Sources */,
				CA2FCA4F7F41643B390D5B1A /* Resources */,
			);
			buildRules = (
			);
			dependencies = (
			);
			name = RanchOSTV;
			packageProductDependencies = (
			);
			productName = RanchOSTV;
			productReference = 571843A754007CC43A96B1D2 /* RanchOSTV.app */;
			productType = "com.apple.product-type.application";
		};
		729543D66B9E38D3FA7053EE /* RanchOSiOS */ = {
			isa = PBXNativeTarget;
			buildConfigurationList = 4D00DCB9D3DC51C17D3A392D /* Build configuration list for PBXNativeTarget "RanchOSiOS" */;
			buildPhases = (
				E2986F75EB1E204C4AFE8A51 /* Sources */,
				DC1D7A76D69C78E27F38703F /* Resources */,
			);
			buildRules = (
			);
			dependencies = (
			);
			name = RanchOSiOS;
			packageProductDependencies = (
			);
			productName = RanchOSiOS;
			productReference = 454C7A8A973451ABCEB01A80 /* RanchOSiOS.app */;
			productType = "com.apple.product-type.application";
		};
		9A94689B7908CC1EBC9E4C16 /* RanchOSMac */ = {
			isa = PBXNativeTarget;
			buildConfigurationList = D9E9A95B676C3B5CA2F49F3E /* Build configuration list for PBXNativeTarget "RanchOSMac" */;
			buildPhases = (
				35E7DA57674B48820CA969A9 /* Sources */,
				9154477C9E81D90A6DFB9F7B /* Resources */,
			);
			buildRules = (
			);
			dependencies = (
			);
			name = RanchOSMac;
			packageProductDependencies = (
			);
			productName = RanchOSMac;
			productReference = F4794115307799C91B51792F /* RanchOSMac.app */;
			productType = "com.apple.product-type.application";
		};
/* End PBXNativeTarget section */

/* Begin PBXProject section */
		FB841E07852895CE8FF7303E /* Project object */ = {
			isa = PBXProject;
			attributes = {
				BuildIndependentTargetsInParallel = YES;
				LastUpgradeCheck = 1600;
				TargetAttributes = {
					2352E454A977876033968307 = {
						DevelopmentTeam = "";
						ProvisioningStyle = Manual;
					};
					4C968AEC9BF500EABC43B942 = {
						DevelopmentTeam = "";
						ProvisioningStyle = Manual;
					};
					729543D66B9E38D3FA7053EE = {
						DevelopmentTeam = "";
						ProvisioningStyle = Manual;
					};
					9A94689B7908CC1EBC9E4C16 = {
						DevelopmentTeam = "";
						ProvisioningStyle = Manual;
					};
				};
			};
			buildConfigurationList = C94B0A4BD02D155C6E60D408 /* Build configuration list for PBXProject "RanchOS" */;
			developmentRegion = en;
			hasScannedForEncodings = 0;
			knownRegions = (
				Base,
				en,
			);
			mainGroup = 87B401673D44C3DA826970B8;
			minimizedProjectReferenceProxies = 1;
			preferredProjectObjectVersion = 77;
			productRefGroup = BE768A9EBF118F940D948635 /* Products */;
			projectDirPath = "";
			projectRoot = "";
			targets = (
				729543D66B9E38D3FA7053EE /* RanchOSiOS */,
				9A94689B7908CC1EBC9E4C16 /* RanchOSMac */,
				4C968AEC9BF500EABC43B942 /* RanchOSTV */,
				2352E454A977876033968307 /* RanchOSHubTests */,
			);
		};
/* End PBXProject section */

/* Begin PBXResourcesBuildPhase section */
		9154477C9E81D90A6DFB9F7B /* Resources */ = {
			isa = PBXResourcesBuildPhase;
			buildActionMask = 2147483647;
			files = (
				517EC06CF4DBA324AB942CA4 /* Assets.xcassets in Resources */,
				C6657E06195C2E952E9F8AB8 /* RanchOSiOS-Info.plist in Resources */,
			);
			runOnlyForDeploymentPostprocessing = 0;
		};
		CA2FCA4F7F41643B390D5B1A /* Resources */ = {
			isa = PBXResourcesBuildPhase;
			buildActionMask = 2147483647;
			files = (
				4A6B37C5F34BFD9BE7611950 /* Assets.xcassets in Resources */,
				618564DE5DE8C8842183C933 /* RanchOSiOS-Info.plist in Resources */,
			);
			runOnlyForDeploymentPostprocessing = 0;
		};
		DC1D7A76D69C78E27F38703F /* Resources */ = {
			isa = PBXResourcesBuildPhase;
			buildActionMask = 2147483647;
			files = (
				90C3BCFA7E0C18A55B992430 /* Assets.xcassets in Resources */,
			);
			runOnlyForDeploymentPostprocessing = 0;
		};
/* End PBXResourcesBuildPhase section */

/* Begin PBXSourcesBuildPhase section */
		16BEB0CDE74B77923B1996B6 /* Sources */ = {
			isa = PBXSourcesBuildPhase;
			buildActionMask = 2147483647;
			files = (
				9499C316C9F3C1F528B1B11B /* RanchOSApp.swift in Sources */,
				37B2FB76EC4C2819D2969DBA /* RanchOSHomeView.swift in Sources */,
				53B5820CF13D08C27E6866BC /* RanchOSHubModel.swift in Sources */,
				8F624DC859A59696959F6829 /* RanchOSTVHomeView.swift in Sources */,
			);
			runOnlyForDeploymentPostprocessing = 0;
		};
		35E7DA57674B48820CA969A9 /* Sources */ = {
			isa = PBXSourcesBuildPhase;
			buildActionMask = 2147483647;
			files = (
				470C65898CA093AE5DA8A254 /* RanchOSApp.swift in Sources */,
				7ABE342D35D442172B63444C /* RanchOSHomeView.swift in Sources */,
				232C0D73D888423130882D6B /* RanchOSHubModel.swift in Sources */,
				8AF17A99B07B4D8E547B8E0E /* RanchOSTVHomeView.swift in Sources */,
			);
			runOnlyForDeploymentPostprocessing = 0;
		};
		CDE2F198329144C4CB078C06 /* Sources */ = {
			isa = PBXSourcesBuildPhase;
			buildActionMask = 2147483647;
			files = (
				C63530FD2A422C672ACB6D8A /* RanchOSHubModel.swift in Sources */,
				ABD0006DA9297148C764BC84 /* RanchOSHubModelTests.swift in Sources */,
			);
			runOnlyForDeploymentPostprocessing = 0;
		};
		E2986F75EB1E204C4AFE8A51 /* Sources */ = {
			isa = PBXSourcesBuildPhase;
			buildActionMask = 2147483647;
			files = (
				5B11DAE14A7B9B8F4C62C0B6 /* RanchOSApp.swift in Sources */,
				DEFDE9802034BCAC2720FA29 /* RanchOSHomeView.swift in Sources */,
				8A7EBE108BF376552C68B654 /* RanchOSHubModel.swift in Sources */,
				0E61120FCE9229A9A00BD0D1 /* RanchOSTVHomeView.swift in Sources */,
			);
			runOnlyForDeploymentPostprocessing = 0;
		};
/* End PBXSourcesBuildPhase section */

/* Begin XCBuildConfiguration section */
		250263F7782CD443C7DB0198 /* Debug */ = {
			isa = XCBuildConfiguration;
			buildSettings = {
				ASSETCATALOG_COMPILER_APPICON_NAME = TVAppIcon;
				ASSETCATALOG_COMPILER_LAUNCHIMAGE_NAME = LaunchImage;
				GENERATE_INFOPLIST_FILE = YES;
				LD_RUNPATH_SEARCH_PATHS = (
					"$(inherited)",
					"@executable_path/Frameworks",
				);
				PRODUCT_BUNDLE_IDENTIFIER = ai.openclaw.ranchos.tv.dev;
				PRODUCT_NAME = RanchOS;
				SDKROOT = appletvos;
				TARGETED_DEVICE_FAMILY = 3;
				TVOS_DEPLOYMENT_TARGET = 18.0;
			};
			name = Debug;
		};
		6117A09B8574586B2CDD2F19 /* Release */ = {
			isa = XCBuildConfiguration;
			buildSettings = {
				ASSETCATALOG_COMPILER_APPICON_NAME = AppIcon;
				COMBINE_HIDPI_IMAGES = YES;
				GENERATE_INFOPLIST_FILE = YES;
				LD_RUNPATH_SEARCH_PATHS = (
					"$(inherited)",
					"@executable_path/../Frameworks",
				);
				MACOSX_DEPLOYMENT_TARGET = 15.0;
				PRODUCT_BUNDLE_IDENTIFIER = ai.openclaw.ranchos.macos.dev;
				PRODUCT_NAME = RanchOS;
				SDKROOT = macosx;
			};
			name = Release;
		};
		90D92987401455846C7400CA /* Debug */ = {
			isa = XCBuildConfiguration;
			buildSettings = {
				ALWAYS_SEARCH_USER_PATHS = NO;
				CLANG_ANALYZER_NONNULL = YES;
				CLANG_ANALYZER_NUMBER_OBJECT_CONVERSION = YES_AGGRESSIVE;
				CLANG_CXX_LANGUAGE_STANDARD = "gnu++14";
				CLANG_CXX_LIBRARY = "libc++";
				CLANG_ENABLE_MODULES = YES;
				CLANG_ENABLE_OBJC_ARC = YES;
				CLANG_ENABLE_OBJC_WEAK = YES;
				CLANG_WARN_BLOCK_CAPTURE_AUTORELEASING = YES;
				CLANG_WARN_BOOL_CONVERSION = YES;
				CLANG_WARN_COMMA = YES;
				CLANG_WARN_CONSTANT_CONVERSION = YES;
				CLANG_WARN_DEPRECATED_OBJC_IMPLEMENTATIONS = YES;
				CLANG_WARN_DIRECT_OBJC_ISA_USAGE = YES_ERROR;
				CLANG_WARN_DOCUMENTATION_COMMENTS = YES;
				CLANG_WARN_EMPTY_BODY = YES;
				CLANG_WARN_ENUM_CONVERSION = YES;
				CLANG_WARN_INFINITE_RECURSION = YES;
				CLANG_WARN_INT_CONVERSION = YES;
				CLANG_WARN_NON_LITERAL_NULL_CONVERSION = YES;
				CLANG_WARN_OBJC_IMPLICIT_RETAIN_SELF = YES;
				CLANG_WARN_OBJC_LITERAL_CONVERSION = YES;
				CLANG_WARN_OBJC_ROOT_CLASS = YES_ERROR;
				CLANG_WARN_QUOTED_INCLUDE_IN_FRAMEWORK_HEADER = YES;
				CLANG_WARN_RANGE_LOOP_ANALYSIS = YES;
				CLANG_WARN_STRICT_PROTOTYPES = YES;
				CLANG_WARN_SUSPICIOUS_MOVE = YES;
				CLANG_WARN_UNGUARDED_AVAILABILITY = YES_AGGRESSIVE;
				CLANG_WARN_UNREACHABLE_CODE = YES;
				CLANG_WARN__DUPLICATE_METHOD_MATCH = YES;
				CODE_SIGNING_ALLOWED = NO;
				CODE_SIGNING_REQUIRED = NO;
				CODE_SIGN_IDENTITY = "";
				CODE_SIGN_STYLE = Manual;
				COPY_PHASE_STRIP = NO;
				DEBUG_INFORMATION_FORMAT = dwarf;
				DEVELOPMENT_TEAM = "";
				ENABLE_STRICT_OBJC_MSGSEND = YES;
				ENABLE_TESTABILITY = YES;
				GCC_C_LANGUAGE_STANDARD = gnu11;
				GCC_DYNAMIC_NO_PIC = NO;
				GCC_NO_COMMON_BLOCKS = YES;
				GCC_OPTIMIZATION_LEVEL = 0;
				GCC_PREPROCESSOR_DEFINITIONS = (
					"$(inherited)",
					"DEBUG=1",
				);
				GCC_WARN_64_TO_32_BIT_CONVERSION = YES;
				GCC_WARN_ABOUT_RETURN_TYPE = YES_ERROR;
				GCC_WARN_UNDECLARED_SELECTOR = YES;
				GCC_WARN_UNINITIALIZED_AUTOS = YES_AGGRESSIVE;
				GCC_WARN_UNUSED_FUNCTION = YES;
				GCC_WARN_UNUSED_VARIABLE = YES;
				IPHONEOS_DEPLOYMENT_TARGET = 18.0;
				MACOSX_DEPLOYMENT_TARGET = 15.0;
				MTL_ENABLE_DEBUG_INFO = INCLUDE_SOURCE;
				MTL_FAST_MATH = YES;
				ONLY_ACTIVE_ARCH = YES;
				PRODUCT_NAME = "$(TARGET_NAME)";
				SWIFT_ACTIVE_COMPILATION_CONDITIONS = DEBUG;
				SWIFT_OPTIMIZATION_LEVEL = "-Onone";
				SWIFT_VERSION = 6.0;
				TVOS_DEPLOYMENT_TARGET = 18.0;
			};
			name = Debug;
		};
		A65F6E84AAD7A450348E218D /* Release */ = {
			isa = XCBuildConfiguration;
			buildSettings = {
				ASSETCATALOG_COMPILER_APPICON_NAME = TVAppIcon;
				ASSETCATALOG_COMPILER_LAUNCHIMAGE_NAME = LaunchImage;
				GENERATE_INFOPLIST_FILE = YES;
				LD_RUNPATH_SEARCH_PATHS = (
					"$(inherited)",
					"@executable_path/Frameworks",
				);
				PRODUCT_BUNDLE_IDENTIFIER = ai.openclaw.ranchos.tv.dev;
				PRODUCT_NAME = RanchOS;
				SDKROOT = appletvos;
				TARGETED_DEVICE_FAMILY = 3;
				TVOS_DEPLOYMENT_TARGET = 18.0;
			};
			name = Release;
		};
		B3E04E6DD0D2FF120033D230 /* Debug */ = {
			isa = XCBuildConfiguration;
			buildSettings = {
				BUNDLE_LOADER = "$(TEST_HOST)";
				COMBINE_HIDPI_IMAGES = YES;
				GENERATE_INFOPLIST_FILE = YES;
				LD_RUNPATH_SEARCH_PATHS = (
					"$(inherited)",
					"@executable_path/../Frameworks",
					"@loader_path/../Frameworks",
				);
				MACOSX_DEPLOYMENT_TARGET = 15.0;
				PRODUCT_BUNDLE_IDENTIFIER = ai.openclaw.ranchos.hub.dev.tests;
				SDKROOT = macosx;
			};
			name = Debug;
		};
		C8919201FDE2CA22A9BC9FE5 /* Debug */ = {
			isa = XCBuildConfiguration;
			buildSettings = {
				ASSETCATALOG_COMPILER_APPICON_NAME = AppIcon;
				COMBINE_HIDPI_IMAGES = YES;
				GENERATE_INFOPLIST_FILE = YES;
				LD_RUNPATH_SEARCH_PATHS = (
					"$(inherited)",
					"@executable_path/../Frameworks",
				);
				MACOSX_DEPLOYMENT_TARGET = 15.0;
				PRODUCT_BUNDLE_IDENTIFIER = ai.openclaw.ranchos.macos.dev;
				PRODUCT_NAME = RanchOS;
				SDKROOT = macosx;
			};
			name = Debug;
		};
		D7266496BF2BA3EF5973181C /* Release */ = {
			isa = XCBuildConfiguration;
			buildSettings = {
				ASSETCATALOG_COMPILER_APPICON_NAME = AppIcon;
				CODE_SIGN_IDENTITY = "iPhone Developer";
				GENERATE_INFOPLIST_FILE = NO;
				INFOPLIST_FILE = "HubSources/RanchOSiOS-Info.plist";
				IPHONEOS_DEPLOYMENT_TARGET = 18.0;
				LD_RUNPATH_SEARCH_PATHS = (
					"$(inherited)",
					"@executable_path/Frameworks",
				);
				PRODUCT_BUNDLE_IDENTIFIER = ai.openclaw.ranchos.dev;
				PRODUCT_NAME = RanchOS;
				SDKROOT = iphoneos;
				TARGETED_DEVICE_FAMILY = "1,2";
			};
			name = Release;
		};
		E0A9EA3B795035A6821CEA15 /* Debug */ = {
			isa = XCBuildConfiguration;
			buildSettings = {
				ASSETCATALOG_COMPILER_APPICON_NAME = AppIcon;
				CODE_SIGN_IDENTITY = "iPhone Developer";
				GENERATE_INFOPLIST_FILE = NO;
				INFOPLIST_FILE = "HubSources/RanchOSiOS-Info.plist";
				IPHONEOS_DEPLOYMENT_TARGET = 18.0;
				LD_RUNPATH_SEARCH_PATHS = (
					"$(inherited)",
					"@executable_path/Frameworks",
				);
				PRODUCT_BUNDLE_IDENTIFIER = ai.openclaw.ranchos.dev;
				PRODUCT_NAME = RanchOS;
				SDKROOT = iphoneos;
				TARGETED_DEVICE_FAMILY = "1,2";
			};
			name = Debug;
		};
		EB9A28F69CB4A74E73ECA515 /* Release */ = {
			isa = XCBuildConfiguration;
			buildSettings = {
				BUNDLE_LOADER = "$(TEST_HOST)";
				COMBINE_HIDPI_IMAGES = YES;
				GENERATE_INFOPLIST_FILE = YES;
				LD_RUNPATH_SEARCH_PATHS = (
					"$(inherited)",
					"@executable_path/../Frameworks",
					"@loader_path/../Frameworks",
				);
				MACOSX_DEPLOYMENT_TARGET = 15.0;
				PRODUCT_BUNDLE_IDENTIFIER = ai.openclaw.ranchos.hub.dev.tests;
				SDKROOT = macosx;
			};
			name = Release;
		};
		FFF06EA59666E542F7ACA31C /* Release */ = {
			isa = XCBuildConfiguration;
			buildSettings = {
				ALWAYS_SEARCH_USER_PATHS = NO;
				CLANG_ANALYZER_NONNULL = YES;
				CLANG_ANALYZER_NUMBER_OBJECT_CONVERSION = YES_AGGRESSIVE;
				CLANG_CXX_LANGUAGE_STANDARD = "gnu++14";
				CLANG_CXX_LIBRARY = "libc++";
				CLANG_ENABLE_MODULES = YES;
				CLANG_ENABLE_OBJC_ARC = YES;
				CLANG_ENABLE_OBJC_WEAK = YES;
				CLANG_WARN_BLOCK_CAPTURE_AUTORELEASING = YES;
				CLANG_WARN_BOOL_CONVERSION = YES;
				CLANG_WARN_COMMA = YES;
				CLANG_WARN_CONSTANT_CONVERSION = YES;
				CLANG_WARN_DEPRECATED_OBJC_IMPLEMENTATIONS = YES;
				CLANG_WARN_DIRECT_OBJC_ISA_USAGE = YES_ERROR;
				CLANG_WARN_DOCUMENTATION_COMMENTS = YES;
				CLANG_WARN_EMPTY_BODY = YES;
				CLANG_WARN_ENUM_CONVERSION = YES;
				CLANG_WARN_INFINITE_RECURSION = YES;
				CLANG_WARN_INT_CONVERSION = YES;
				CLANG_WARN_NON_LITERAL_NULL_CONVERSION = YES;
				CLANG_WARN_OBJC_IMPLICIT_RETAIN_SELF = YES;
				CLANG_WARN_OBJC_LITERAL_CONVERSION = YES;
				CLANG_WARN_OBJC_ROOT_CLASS = YES_ERROR;
				CLANG_WARN_QUOTED_INCLUDE_IN_FRAMEWORK_HEADER = YES;
				CLANG_WARN_RANGE_LOOP_ANALYSIS = YES;
				CLANG_WARN_STRICT_PROTOTYPES = YES;
				CLANG_WARN_SUSPICIOUS_MOVE = YES;
				CLANG_WARN_UNGUARDED_AVAILABILITY = YES_AGGRESSIVE;
				CLANG_WARN_UNREACHABLE_CODE = YES;
				CLANG_WARN__DUPLICATE_METHOD_MATCH = YES;
				CODE_SIGNING_ALLOWED = NO;
				CODE_SIGNING_REQUIRED = NO;
				CODE_SIGN_IDENTITY = "";
				CODE_SIGN_STYLE = Manual;
				COPY_PHASE_STRIP = NO;
				DEBUG_INFORMATION_FORMAT = "dwarf-with-dsym";
				DEVELOPMENT_TEAM = "";
				ENABLE_NS_ASSERTIONS = NO;
				ENABLE_STRICT_OBJC_MSGSEND = YES;
				GCC_C_LANGUAGE_STANDARD = gnu11;
				GCC_NO_COMMON_BLOCKS = YES;
				GCC_WARN_64_TO_32_BIT_CONVERSION = YES;
				GCC_WARN_ABOUT_RETURN_TYPE = YES_ERROR;
				GCC_WARN_UNDECLARED_SELECTOR = YES;
				GCC_WARN_UNINITIALIZED_AUTOS = YES_AGGRESSIVE;
				GCC_WARN_UNUSED_FUNCTION = YES;
				GCC_WARN_UNUSED_VARIABLE = YES;
				IPHONEOS_DEPLOYMENT_TARGET = 18.0;
				MACOSX_DEPLOYMENT_TARGET = 15.0;
				MTL_ENABLE_DEBUG_INFO = NO;
				MTL_FAST_MATH = YES;
				PRODUCT_NAME = "$(TARGET_NAME)";
				SWIFT_COMPILATION_MODE = wholemodule;
				SWIFT_OPTIMIZATION_LEVEL = "-O";
				SWIFT_VERSION = 6.0;
				TVOS_DEPLOYMENT_TARGET = 18.0;
			};
			name = Release;
		};
/* End XCBuildConfiguration section */

/* Begin XCConfigurationList section */
		450F1B0A4F6FA5623D2C91EA /* Build configuration list for PBXNativeTarget "RanchOSTV" */ = {
			isa = XCConfigurationList;
			buildConfigurations = (
				250263F7782CD443C7DB0198 /* Debug */,
				A65F6E84AAD7A450348E218D /* Release */,
			);
			defaultConfigurationIsVisible = 0;
			defaultConfigurationName = Debug;
		};
		4D00DCB9D3DC51C17D3A392D /* Build configuration list for PBXNativeTarget "RanchOSiOS" */ = {
			isa = XCConfigurationList;
			buildConfigurations = (
				E0A9EA3B795035A6821CEA15 /* Debug */,
				D7266496BF2BA3EF5973181C /* Release */,
			);
			defaultConfigurationIsVisible = 0;
			defaultConfigurationName = Debug;
		};
		7EF97EAC231ADEBCE73A4E64 /* Build configuration list for PBXNativeTarget "RanchOSHubTests" */ = {
			isa = XCConfigurationList;
			buildConfigurations = (
				B3E04E6DD0D2FF120033D230 /* Debug */,
				EB9A28F69CB4A74E73ECA515 /* Release */,
			);
			defaultConfigurationIsVisible = 0;
			defaultConfigurationName = Debug;
		};
		C94B0A4BD02D155C6E60D408 /* Build configuration list for PBXProject "RanchOS" */ = {
			isa = XCConfigurationList;
			buildConfigurations = (
				90D92987401455846C7400CA /* Debug */,
				FFF06EA59666E542F7ACA31C /* Release */,
			);
			defaultConfigurationIsVisible = 0;
			defaultConfigurationName = Debug;
		};
		D9E9A95B676C3B5CA2F49F3E /* Build configuration list for PBXNativeTarget "RanchOSMac" */ = {
			isa = XCConfigurationList;
			buildConfigurations = (
				C8919201FDE2CA22A9BC9FE5 /* Debug */,
				6117A09B8574586B2CDD2F19 /* Release */,
			);
			defaultConfigurationIsVisible = 0;
			defaultConfigurationName = Debug;
		};
/* End XCConfigurationList section */
	};
	rootObject = FB841E07852895CE8FF7303E /* Project object */;
}
