// !$*UTF8*$!
{
	archiveVersion = 1;
	classes = {
	};
	objectVersion = 77;
	objects = {

/* Begin PBXBuildFile section */
		1E4FF287BB9781469CF4C3EC /* TaskListView.swift in Sources */ = {isa = PBXBuildFile; fileRef = F03C0D159BDC9BEC3188EBE2 /* TaskListView.swift */; };
		258D9D6ACDB66A9349D08CCF /* AssetAPIClient.swift in Sources */ = {isa = PBXBuildFile; fileRef = 0DDB20EC1AC203C8DCA86D12 /* AssetAPIClient.swift */; };
		2C57F712F014B67C7DBAC038 /* PropertyAPIClient.swift in Sources */ = {isa = PBXBuildFile; fileRef = FDC7B9657058C54324030FA1 /* PropertyAPIClient.swift */; };
		3190A2C83F493DDDA3CCAEB4 /* TaskPartDraft.swift in Sources */ = {isa = PBXBuildFile; fileRef = 821805D7A9565876E1231DCC /* TaskPartDraft.swift */; };
		32910FEB1F10E3F940287077 /* SecureCredentialStore.swift in Sources */ = {isa = PBXBuildFile; fileRef = C85C5ABB87EC99E59A451C76 /* SecureCredentialStore.swift */; };
		344BC4A89A282CC1660599DF /* PropertyManagerApp.swift in Sources */ = {isa = PBXBuildFile; fileRef = 50ED5183762E240500D171AD /* PropertyManagerApp.swift */; };
		41A7C60AB7A7B3F5974DA4EC /* RootView.swift in Sources */ = {isa = PBXBuildFile; fileRef = 44BB0D475C157F307DFCF510 /* RootView.swift */; };
		4D1D662051F50ECC46D2DE14 /* Assets.xcassets in Resources */ = {isa = PBXBuildFile; fileRef = DFF5D47D7CB41D1C8933A724 /* Assets.xcassets */; };
		5E8268A43961F0FE97A3CA12 /* AssetListView.swift in Sources */ = {isa = PBXBuildFile; fileRef = 261B773B69CF4B49F065620A /* AssetListView.swift */; };
		6341B04643CA4CFC30A02BAD /* PropertyStore.swift in Sources */ = {isa = PBXBuildFile; fileRef = F671E23757B190E198B6028B /* PropertyStore.swift */; };
		6C2F4402195A1276419EEA09 /* SettingsView.swift in Sources */ = {isa = PBXBuildFile; fileRef = 7EE904FCD0E6E296BE0280DA /* SettingsView.swift */; };
		6DE84A7AAC5EB28350EDA52F /* VoiceMeterEntry.swift in Sources */ = {isa = PBXBuildFile; fileRef = ADEFFEBC49BF0424AC0E1CA6 /* VoiceMeterEntry.swift */; };
		6FE230D0767F6FBF7CB5F5F9 /* MeterEntrySheet.swift in Sources */ = {isa = PBXBuildFile; fileRef = D406E130D1642CB8C6629477 /* MeterEntrySheet.swift */; };
		70CF3603F94993BE61D04922 /* TaskEditView.swift in Sources */ = {isa = PBXBuildFile; fileRef = 7024D52AC8A29FCDDA888235 /* TaskEditView.swift */; };
		74631C146D99F7CED87AA145 /* AssetModels.swift in Sources */ = {isa = PBXBuildFile; fileRef = 1E238721C0B4E825C08A772C /* AssetModels.swift */; };
		858D49C08289AC40408B2A9D /* TaskDetailView.swift in Sources */ = {isa = PBXBuildFile; fileRef = 023093999D743305833F30C2 /* TaskDetailView.swift */; };
		906AFB541A101A7198693AFE /* AssetDetailView.swift in Sources */ = {isa = PBXBuildFile; fileRef = 47F75167974A185DF1C8499A /* AssetDetailView.swift */; };
		A2CB7DC6768C8D8EA59E28BD /* TaskTitleHelpers.swift in Sources */ = {isa = PBXBuildFile; fileRef = 8A275FE8B3EF82508A0DB18A /* TaskTitleHelpers.swift */; };
		BD516574AD08CAD6672CF1D6 /* Models.swift in Sources */ = {isa = PBXBuildFile; fileRef = 95A16A821FA18C9F56E73198 /* Models.swift */; };
		C478CFB8058C783041161D4B /* RunHoursTriggerSheet.swift in Sources */ = {isa = PBXBuildFile; fileRef = D8B5F578B875E2AD52FE1EB3 /* RunHoursTriggerSheet.swift */; };
		F13F961E2FADF982B8A36408 /* CategoryDeleteSheet.swift in Sources */ = {isa = PBXBuildFile; fileRef = AB8200B623E46B0F06130C30 /* CategoryDeleteSheet.swift */; };
/* End PBXBuildFile section */

/* Begin PBXFileReference section */
		023093999D743305833F30C2 /* TaskDetailView.swift */ = {isa = PBXFileReference; lastKnownFileType = sourcecode.swift; path = TaskDetailView.swift; sourceTree = "<group>"; };
		0DDB20EC1AC203C8DCA86D12 /* AssetAPIClient.swift */ = {isa = PBXFileReference; lastKnownFileType = sourcecode.swift; path = AssetAPIClient.swift; sourceTree = "<group>"; };
		1E238721C0B4E825C08A772C /* AssetModels.swift */ = {isa = PBXFileReference; lastKnownFileType = sourcecode.swift; path = AssetModels.swift; sourceTree = "<group>"; };
		261B773B69CF4B49F065620A /* AssetListView.swift */ = {isa = PBXFileReference; lastKnownFileType = sourcecode.swift; path = AssetListView.swift; sourceTree = "<group>"; };
		44BB0D475C157F307DFCF510 /* RootView.swift */ = {isa = PBXFileReference; lastKnownFileType = sourcecode.swift; path = RootView.swift; sourceTree = "<group>"; };
		47F75167974A185DF1C8499A /* AssetDetailView.swift */ = {isa = PBXFileReference; lastKnownFileType = sourcecode.swift; path = AssetDetailView.swift; sourceTree = "<group>"; };
		50ED5183762E240500D171AD /* PropertyManagerApp.swift */ = {isa = PBXFileReference; lastKnownFileType = sourcecode.swift; path = PropertyManagerApp.swift; sourceTree = "<group>"; };
		54BF8B4262A3C7A286D60523 /* PropertyManagerDEV.app */ = {isa = PBXFileReference; includeInIndex = 0; lastKnownFileType = wrapper.application; path = PropertyManagerDEV.app; sourceTree = BUILT_PRODUCTS_DIR; };
		7024D52AC8A29FCDDA888235 /* TaskEditView.swift */ = {isa = PBXFileReference; lastKnownFileType = sourcecode.swift; path = TaskEditView.swift; sourceTree = "<group>"; };
		7EE904FCD0E6E296BE0280DA /* SettingsView.swift */ = {isa = PBXFileReference; lastKnownFileType = sourcecode.swift; path = SettingsView.swift; sourceTree = "<group>"; };
		821805D7A9565876E1231DCC /* TaskPartDraft.swift */ = {isa = PBXFileReference; lastKnownFileType = sourcecode.swift; path = TaskPartDraft.swift; sourceTree = "<group>"; };
		8A275FE8B3EF82508A0DB18A /* TaskTitleHelpers.swift */ = {isa = PBXFileReference; lastKnownFileType = sourcecode.swift; path = TaskTitleHelpers.swift; sourceTree = "<group>"; };
		95A16A821FA18C9F56E73198 /* Models.swift */ = {isa = PBXFileReference; lastKnownFileType = sourcecode.swift; path = Models.swift; sourceTree = "<group>"; };
		AB8200B623E46B0F06130C30 /* CategoryDeleteSheet.swift */ = {isa = PBXFileReference; lastKnownFileType = sourcecode.swift; path = CategoryDeleteSheet.swift; sourceTree = "<group>"; };
		ADEFFEBC49BF0424AC0E1CA6 /* VoiceMeterEntry.swift */ = {isa = PBXFileReference; lastKnownFileType = sourcecode.swift; path = VoiceMeterEntry.swift; sourceTree = "<group>"; };
		C85C5ABB87EC99E59A451C76 /* SecureCredentialStore.swift */ = {isa = PBXFileReference; lastKnownFileType = sourcecode.swift; path = SecureCredentialStore.swift; sourceTree = "<group>"; };
		D406E130D1642CB8C6629477 /* MeterEntrySheet.swift */ = {isa = PBXFileReference; lastKnownFileType = sourcecode.swift; path = MeterEntrySheet.swift; sourceTree = "<group>"; };
		D8B5F578B875E2AD52FE1EB3 /* RunHoursTriggerSheet.swift */ = {isa = PBXFileReference; lastKnownFileType = sourcecode.swift; path = RunHoursTriggerSheet.swift; sourceTree = "<group>"; };
		DFF5D47D7CB41D1C8933A724 /* Assets.xcassets */ = {isa = PBXFileReference; lastKnownFileType = folder.assetcatalog; path = Assets.xcassets; sourceTree = "<group>"; };
		F03C0D159BDC9BEC3188EBE2 /* TaskListView.swift */ = {isa = PBXFileReference; lastKnownFileType = sourcecode.swift; path = TaskListView.swift; sourceTree = "<group>"; };
		F671E23757B190E198B6028B /* PropertyStore.swift */ = {isa = PBXFileReference; lastKnownFileType = sourcecode.swift; path = PropertyStore.swift; sourceTree = "<group>"; };
		FDC7B9657058C54324030FA1 /* PropertyAPIClient.swift */ = {isa = PBXFileReference; lastKnownFileType = sourcecode.swift; path = PropertyAPIClient.swift; sourceTree = "<group>"; };
/* End PBXFileReference section */

/* Begin PBXGroup section */
		00B6D6DD7D5C38911BD42FD4 /* Sources */ = {
			isa = PBXGroup;
			children = (
				0DDB20EC1AC203C8DCA86D12 /* AssetAPIClient.swift */,
				47F75167974A185DF1C8499A /* AssetDetailView.swift */,
				261B773B69CF4B49F065620A /* AssetListView.swift */,
				1E238721C0B4E825C08A772C /* AssetModels.swift */,
				DFF5D47D7CB41D1C8933A724 /* Assets.xcassets */,
				AB8200B623E46B0F06130C30 /* CategoryDeleteSheet.swift */,
				D406E130D1642CB8C6629477 /* MeterEntrySheet.swift */,
				95A16A821FA18C9F56E73198 /* Models.swift */,
				FDC7B9657058C54324030FA1 /* PropertyAPIClient.swift */,
				50ED5183762E240500D171AD /* PropertyManagerApp.swift */,
				F671E23757B190E198B6028B /* PropertyStore.swift */,
				44BB0D475C157F307DFCF510 /* RootView.swift */,
				D8B5F578B875E2AD52FE1EB3 /* RunHoursTriggerSheet.swift */,
				C85C5ABB87EC99E59A451C76 /* SecureCredentialStore.swift */,
				7EE904FCD0E6E296BE0280DA /* SettingsView.swift */,
				023093999D743305833F30C2 /* TaskDetailView.swift */,
				7024D52AC8A29FCDDA888235 /* TaskEditView.swift */,
				F03C0D159BDC9BEC3188EBE2 /* TaskListView.swift */,
				821805D7A9565876E1231DCC /* TaskPartDraft.swift */,
				8A275FE8B3EF82508A0DB18A /* TaskTitleHelpers.swift */,
				ADEFFEBC49BF0424AC0E1CA6 /* VoiceMeterEntry.swift */,
			);
			path = Sources;
			sourceTree = "<group>";
		};
		7F3264866DEBE656C488A79F /* Products */ = {
			isa = PBXGroup;
			children = (
				54BF8B4262A3C7A286D60523 /* PropertyManagerDEV.app */,
			);
			name = Products;
			sourceTree = "<group>";
		};
		DDC92468F2A92FD76C2BBCE4 = {
			isa = PBXGroup;
			children = (
				00B6D6DD7D5C38911BD42FD4 /* Sources */,
				7F3264866DEBE656C488A79F /* Products */,
			);
			sourceTree = "<group>";
		};
/* End PBXGroup section */

/* Begin PBXNativeTarget section */
		C8A3B9A8881E35277DBEE485 /* PropertyManagerDEV */ = {
			isa = PBXNativeTarget;
			buildConfigurationList = A189D361E63C271F7CDF2C8F /* Build configuration list for PBXNativeTarget "PropertyManagerDEV" */;
			buildPhases = (
				B57B13BF46C738D0E791B651 /* Sources */,
				234234BE14561CDB0EFAE75D /* Resources */,
			);
			buildRules = (
			);
			dependencies = (
			);
			name = PropertyManagerDEV;
			packageProductDependencies = (
			);
			productName = PropertyManagerDEV;
			productReference = 54BF8B4262A3C7A286D60523 /* PropertyManagerDEV.app */;
			productType = "com.apple.product-type.application";
		};
/* End PBXNativeTarget section */

/* Begin PBXProject section */
		FDDE0FAE13C40829A055636B /* Project object */ = {
			isa = PBXProject;
			attributes = {
				BuildIndependentTargetsInParallel = YES;
				LastUpgradeCheck = 1600;
				TargetAttributes = {
					C8A3B9A8881E35277DBEE485 = {
						DevelopmentTeam = ZYJVHJWT3P;
						ProvisioningStyle = Automatic;
					};
				};
			};
			buildConfigurationList = B0F773047773066804AC865D /* Build configuration list for PBXProject "PropertyManager" */;
			developmentRegion = en;
			hasScannedForEncodings = 0;
			knownRegions = (
				Base,
				en,
			);
			mainGroup = DDC92468F2A92FD76C2BBCE4;
			minimizedProjectReferenceProxies = 1;
			preferredProjectObjectVersion = 77;
			productRefGroup = 7F3264866DEBE656C488A79F /* Products */;
			projectDirPath = "";
			projectRoot = "";
			targets = (
				C8A3B9A8881E35277DBEE485 /* PropertyManagerDEV */,
			);
		};
/* End PBXProject section */

/* Begin PBXResourcesBuildPhase section */
		234234BE14561CDB0EFAE75D /* Resources */ = {
			isa = PBXResourcesBuildPhase;
			buildActionMask = 2147483647;
			files = (
				4D1D662051F50ECC46D2DE14 /* Assets.xcassets in Resources */,
			);
			runOnlyForDeploymentPostprocessing = 0;
		};
/* End PBXResourcesBuildPhase section */

/* Begin PBXSourcesBuildPhase section */
		B57B13BF46C738D0E791B651 /* Sources */ = {
			isa = PBXSourcesBuildPhase;
			buildActionMask = 2147483647;
			files = (
				258D9D6ACDB66A9349D08CCF /* AssetAPIClient.swift in Sources */,
				906AFB541A101A7198693AFE /* AssetDetailView.swift in Sources */,
				5E8268A43961F0FE97A3CA12 /* AssetListView.swift in Sources */,
				74631C146D99F7CED87AA145 /* AssetModels.swift in Sources */,
				F13F961E2FADF982B8A36408 /* CategoryDeleteSheet.swift in Sources */,
				6FE230D0767F6FBF7CB5F5F9 /* MeterEntrySheet.swift in Sources */,
				BD516574AD08CAD6672CF1D6 /* Models.swift in Sources */,
				2C57F712F014B67C7DBAC038 /* PropertyAPIClient.swift in Sources */,
				344BC4A89A282CC1660599DF /* PropertyManagerApp.swift in Sources */,
				6341B04643CA4CFC30A02BAD /* PropertyStore.swift in Sources */,
				41A7C60AB7A7B3F5974DA4EC /* RootView.swift in Sources */,
				C478CFB8058C783041161D4B /* RunHoursTriggerSheet.swift in Sources */,
				32910FEB1F10E3F940287077 /* SecureCredentialStore.swift in Sources */,
				6C2F4402195A1276419EEA09 /* SettingsView.swift in Sources */,
				858D49C08289AC40408B2A9D /* TaskDetailView.swift in Sources */,
				70CF3603F94993BE61D04922 /* TaskEditView.swift in Sources */,
				1E4FF287BB9781469CF4C3EC /* TaskListView.swift in Sources */,
				3190A2C83F493DDDA3CCAEB4 /* TaskPartDraft.swift in Sources */,
				A2CB7DC6768C8D8EA59E28BD /* TaskTitleHelpers.swift in Sources */,
				6DE84A7AAC5EB28350EDA52F /* VoiceMeterEntry.swift in Sources */,
			);
			runOnlyForDeploymentPostprocessing = 0;
		};
/* End PBXSourcesBuildPhase section */

/* Begin XCBuildConfiguration section */
		3C7D43F07A323140A041A74C /* Debug */ = {
			isa = XCBuildConfiguration;
			buildSettings = {
				ALWAYS_SEARCH_USER_PATHS = NO;
				ASSETCATALOG_COMPILER_GENERATE_SWIFT_ASSET_SYMBOL_EXTENSIONS = YES;
				CLANG_ANALYZER_NONNULL = YES;
				CLANG_ANALYZER_NUMBER_OBJECT_CONVERSION = YES_AGGRESSIVE;
				CLANG_CXX_LANGUAGE_STANDARD = "gnu++14";
				CLANG_CXX_LIBRARY = "libc++";
				CLANG_ENABLE_MODULES = YES;
				CLANG_ENABLE_OBJC_ARC = YES;
				CLANG_ENABLE_OBJC_WEAK = YES;
				CLANG_WARN_BLOCK_CAPTURE_AUTORELEASING = YES;
				CLANG_WARN_BOOL_CONVERSION = YES;
				CLANG_WARN_COMMA = YES;
				CLANG_WARN_CONSTANT_CONVERSION = YES;
				CLANG_WARN_DEPRECATED_OBJC_IMPLEMENTATIONS = YES;
				CLANG_WARN_DIRECT_OBJC_ISA_USAGE = YES_ERROR;
				CLANG_WARN_DOCUMENTATION_COMMENTS = YES;
				CLANG_WARN_EMPTY_BODY = YES;
				CLANG_WARN_ENUM_CONVERSION = YES;
				CLANG_WARN_INFINITE_RECURSION = YES;
				CLANG_WARN_INT_CONVERSION = YES;
				CLANG_WARN_NON_LITERAL_NULL_CONVERSION = YES;
				CLANG_WARN_OBJC_IMPLICIT_RETAIN_SELF = YES;
				CLANG_WARN_OBJC_LITERAL_CONVERSION = YES;
				CLANG_WARN_OBJC_ROOT_CLASS = YES_ERROR;
				CLANG_WARN_QUOTED_INCLUDE_IN_FRAMEWORK_HEADER = YES;
				CLANG_WARN_RANGE_LOOP_ANALYSIS = YES;
				CLANG_WARN_STRICT_PROTOTYPES = YES;
				CLANG_WARN_SUSPICIOUS_MOVE = YES;
				CLANG_WARN_UNGUARDED_AVAILABILITY = YES_AGGRESSIVE;
				CLANG_WARN_UNREACHABLE_CODE = YES;
				CLANG_WARN__DUPLICATE_METHOD_MATCH = YES;
				COPY_PHASE_STRIP = NO;
				DEBUG_INFORMATION_FORMAT = dwarf;
				DEVELOPMENT_TEAM = ZYJVHJWT3P;
				ENABLE_STRICT_OBJC_MSGSEND = YES;
				ENABLE_TESTABILITY = YES;
				ENABLE_USER_SCRIPT_SANDBOXING = YES;
				GCC_C_LANGUAGE_STANDARD = gnu11;
				GCC_DYNAMIC_NO_PIC = NO;
				GCC_NO_COMMON_BLOCKS = YES;
				GCC_OPTIMIZATION_LEVEL = 0;
				GCC_PREPROCESSOR_DEFINITIONS = (
					"$(inherited)",
					"DEBUG=1",
				);
				GCC_WARN_64_TO_32_BIT_CONVERSION = YES;
				GCC_WARN_ABOUT_RETURN_TYPE = YES_ERROR;
				GCC_WARN_UNDECLARED_SELECTOR = YES;
				GCC_WARN_UNINITIALIZED_AUTOS = YES_AGGRESSIVE;
				GCC_WARN_UNUSED_FUNCTION = YES;
				GCC_WARN_UNUSED_VARIABLE = YES;
				IPHONEOS_DEPLOYMENT_TARGET = 17.0;
				MTL_ENABLE_DEBUG_INFO = INCLUDE_SOURCE;
				MTL_FAST_MATH = YES;
				ONLY_ACTIVE_ARCH = YES;
				PRODUCT_NAME = "$(TARGET_NAME)";
				SDKROOT = iphoneos;
				STRING_CATALOG_GENERATE_SYMBOLS = YES;
				SUPPORTS_MAC_DESIGNED_FOR_IPHONE_IPAD = YES;
				SWIFT_ACTIVE_COMPILATION_CONDITIONS = DEBUG;
				SWIFT_OPTIMIZATION_LEVEL = "-Onone";
				SWIFT_VERSION = 5.10;
				TARGETED_DEVICE_FAMILY = "1,2";
			};
			name = Debug;
		};
		6E6D250EF64BD0002FDA92FF /* Debug */ = {
			isa = XCBuildConfiguration;
			buildSettings = {
				ASSETCATALOG_COMPILER_APPICON_NAME = AppIcon;
				CODE_SIGN_IDENTITY = "iPhone Developer";
				CODE_SIGN_STYLE = Automatic;
				CURRENT_PROJECT_VERSION = 3;
				DEVELOPMENT_TEAM = ZYJVHJWT3P;
				GENERATE_INFOPLIST_FILE = NO;
				INFOPLIST_FILE = Info.plist;
				LD_RUNPATH_SEARCH_PATHS = (
					"$(inherited)",
					"@executable_path/Frameworks",
				);
				MARKETING_VERSION = 0.2.1;
				PRODUCT_BUNDLE_IDENTIFIER = ai.openclaw.propertymanager.dev;
				SDKROOT = iphoneos;
				TARGETED_DEVICE_FAMILY = "1,2";
			};
			name = Debug;
		};
		777D612D2918B965B8924902 /* Release */ = {
			isa = XCBuildConfiguration;
			buildSettings = {
				ASSETCATALOG_COMPILER_APPICON_NAME = AppIcon;
				CODE_SIGN_IDENTITY = "iPhone Developer";
				CODE_SIGN_STYLE = Automatic;
				CURRENT_PROJECT_VERSION = 3;
				DEVELOPMENT_TEAM = ZYJVHJWT3P;
				GENERATE_INFOPLIST_FILE = NO;
				INFOPLIST_FILE = Info.plist;
				LD_RUNPATH_SEARCH_PATHS = (
					"$(inherited)",
					"@executable_path/Frameworks",
				);
				MARKETING_VERSION = 0.2.1;
				PRODUCT_BUNDLE_IDENTIFIER = ai.openclaw.propertymanager.dev;
				SDKROOT = iphoneos;
				TARGETED_DEVICE_FAMILY = "1,2";
			};
			name = Release;
		};
		D8E74A0C19C1F1367F2C2B26 /* Release */ = {
			isa = XCBuildConfiguration;
			buildSettings = {
				ALWAYS_SEARCH_USER_PATHS = NO;
				ASSETCATALOG_COMPILER_GENERATE_SWIFT_ASSET_SYMBOL_EXTENSIONS = YES;
				CLANG_ANALYZER_NONNULL = YES;
				CLANG_ANALYZER_NUMBER_OBJECT_CONVERSION = YES_AGGRESSIVE;
				CLANG_CXX_LANGUAGE_STANDARD = "gnu++14";
				CLANG_CXX_LIBRARY = "libc++";
				CLANG_ENABLE_MODULES = YES;
				CLANG_ENABLE_OBJC_ARC = YES;
				CLANG_ENABLE_OBJC_WEAK = YES;
				CLANG_WARN_BLOCK_CAPTURE_AUTORELEASING = YES;
				CLANG_WARN_BOOL_CONVERSION = YES;
				CLANG_WARN_COMMA = YES;
				CLANG_WARN_CONSTANT_CONVERSION = YES;
				CLANG_WARN_DEPRECATED_OBJC_IMPLEMENTATIONS = YES;
				CLANG_WARN_DIRECT_OBJC_ISA_USAGE = YES_ERROR;
				CLANG_WARN_DOCUMENTATION_COMMENTS = YES;
				CLANG_WARN_EMPTY_BODY = YES;
				CLANG_WARN_ENUM_CONVERSION = YES;
				CLANG_WARN_INFINITE_RECURSION = YES;
				CLANG_WARN_INT_CONVERSION = YES;
				CLANG_WARN_NON_LITERAL_NULL_CONVERSION = YES;
				CLANG_WARN_OBJC_IMPLICIT_RETAIN_SELF = YES;
				CLANG_WARN_OBJC_LITERAL_CONVERSION = YES;
				CLANG_WARN_OBJC_ROOT_CLASS = YES_ERROR;
				CLANG_WARN_QUOTED_INCLUDE_IN_FRAMEWORK_HEADER = YES;
				CLANG_WARN_RANGE_LOOP_ANALYSIS = YES;
				CLANG_WARN_STRICT_PROTOTYPES = YES;
				CLANG_WARN_SUSPICIOUS_MOVE = YES;
				CLANG_WARN_UNGUARDED_AVAILABILITY = YES_AGGRESSIVE;
				CLANG_WARN_UNREACHABLE_CODE = YES;
				CLANG_WARN__DUPLICATE_METHOD_MATCH = YES;
				COPY_PHASE_STRIP = NO;
				DEBUG_INFORMATION_FORMAT = "dwarf-with-dsym";
				DEVELOPMENT_TEAM = ZYJVHJWT3P;
				ENABLE_NS_ASSERTIONS = NO;
				ENABLE_STRICT_OBJC_MSGSEND = YES;
				ENABLE_USER_SCRIPT_SANDBOXING = YES;
				GCC_C_LANGUAGE_STANDARD = gnu11;
				GCC_NO_COMMON_BLOCKS = YES;
				GCC_WARN_64_TO_32_BIT_CONVERSION = YES;
				GCC_WARN_ABOUT_RETURN_TYPE = YES_ERROR;
				GCC_WARN_UNDECLARED_SELECTOR = YES;
				GCC_WARN_UNINITIALIZED_AUTOS = YES_AGGRESSIVE;
				GCC_WARN_UNUSED_FUNCTION = YES;
				GCC_WARN_UNUSED_VARIABLE = YES;
				IPHONEOS_DEPLOYMENT_TARGET = 17.0;
				MTL_ENABLE_DEBUG_INFO = NO;
				MTL_FAST_MATH = YES;
				PRODUCT_NAME = "$(TARGET_NAME)";
				SDKROOT = iphoneos;
				STRING_CATALOG_GENERATE_SYMBOLS = YES;
				SUPPORTS_MAC_DESIGNED_FOR_IPHONE_IPAD = YES;
				SWIFT_COMPILATION_MODE = wholemodule;
				SWIFT_OPTIMIZATION_LEVEL = "-O";
				SWIFT_VERSION = 5.10;
				TARGETED_DEVICE_FAMILY = "1,2";
			};
			name = Release;
		};
/* End XCBuildConfiguration section */

/* Begin XCConfigurationList section */
		A189D361E63C271F7CDF2C8F /* Build configuration list for PBXNativeTarget "PropertyManagerDEV" */ = {
			isa = XCConfigurationList;
			buildConfigurations = (
				6E6D250EF64BD0002FDA92FF /* Debug */,
				777D612D2918B965B8924902 /* Release */,
			);
			defaultConfigurationIsVisible = 0;
			defaultConfigurationName = Debug;
		};
		B0F773047773066804AC865D /* Build configuration list for PBXProject "PropertyManager" */ = {
			isa = XCConfigurationList;
			buildConfigurations = (
				3C7D43F07A323140A041A74C /* Debug */,
				D8E74A0C19C1F1367F2C2B26 /* Release */,
			);
			defaultConfigurationIsVisible = 0;
			defaultConfigurationName = Debug;
		};
/* End XCConfigurationList section */
	};
	rootObject = FDDE0FAE13C40829A055636B /* Project object */;
}
